### YamlMime:ManagedReference
items:
- uid: ChiaWalletSdk.IRewardChainBlock
  commentId: T:ChiaWalletSdk.IRewardChainBlock
  id: IRewardChainBlock
  parent: ChiaWalletSdk
  children:
  - ChiaWalletSdk.IRewardChainBlock.GetChallengeChainIpVdf
  - ChiaWalletSdk.IRewardChainBlock.GetChallengeChainSpSignature
  - ChiaWalletSdk.IRewardChainBlock.GetChallengeChainSpVdf
  - ChiaWalletSdk.IRewardChainBlock.GetHeaderMmrRoot
  - ChiaWalletSdk.IRewardChainBlock.GetHeight
  - ChiaWalletSdk.IRewardChainBlock.GetInfusedChallengeChainIpVdf
  - ChiaWalletSdk.IRewardChainBlock.GetIsTransactionBlock
  - ChiaWalletSdk.IRewardChainBlock.GetPosSsCcChallengeHash
  - ChiaWalletSdk.IRewardChainBlock.GetProofOfSpace
  - ChiaWalletSdk.IRewardChainBlock.GetRewardChainIpVdf
  - ChiaWalletSdk.IRewardChainBlock.GetRewardChainSpSignature
  - ChiaWalletSdk.IRewardChainBlock.GetRewardChainSpVdf
  - ChiaWalletSdk.IRewardChainBlock.GetSignagePointIndex
  - ChiaWalletSdk.IRewardChainBlock.GetTotalIters
  - ChiaWalletSdk.IRewardChainBlock.GetWeight
  - ChiaWalletSdk.IRewardChainBlock.SetChallengeChainIpVdf(ChiaWalletSdk.VdfInfo)
  - ChiaWalletSdk.IRewardChainBlock.SetChallengeChainSpSignature(ChiaWalletSdk.Signature)
  - ChiaWalletSdk.IRewardChainBlock.SetChallengeChainSpVdf(ChiaWalletSdk.VdfInfo)
  - ChiaWalletSdk.IRewardChainBlock.SetHeaderMmrRoot(System.Byte[])
  - ChiaWalletSdk.IRewardChainBlock.SetHeight(System.UInt32)
  - ChiaWalletSdk.IRewardChainBlock.SetInfusedChallengeChainIpVdf(ChiaWalletSdk.VdfInfo)
  - ChiaWalletSdk.IRewardChainBlock.SetIsTransactionBlock(System.Boolean)
  - ChiaWalletSdk.IRewardChainBlock.SetPosSsCcChallengeHash(System.Byte[])
  - ChiaWalletSdk.IRewardChainBlock.SetProofOfSpace(ChiaWalletSdk.ProofOfSpace)
  - ChiaWalletSdk.IRewardChainBlock.SetRewardChainIpVdf(ChiaWalletSdk.VdfInfo)
  - ChiaWalletSdk.IRewardChainBlock.SetRewardChainSpSignature(ChiaWalletSdk.Signature)
  - ChiaWalletSdk.IRewardChainBlock.SetRewardChainSpVdf(ChiaWalletSdk.VdfInfo)
  - ChiaWalletSdk.IRewardChainBlock.SetSignagePointIndex(System.Byte)
  - ChiaWalletSdk.IRewardChainBlock.SetTotalIters(System.String)
  - ChiaWalletSdk.IRewardChainBlock.SetWeight(System.String)
  langs:
  - csharp
  - vb
  name: IRewardChainBlock
  nameWithType: IRewardChainBlock
  fullName: ChiaWalletSdk.IRewardChainBlock
  type: Interface
  assemblies:
  - ChiaWalletSdk
  namespace: ChiaWalletSdk
  syntax:
    content: public interface IRewardChainBlock
    content.vb: Public Interface IRewardChainBlock
  derivedClasses:
  - ChiaWalletSdk.RewardChainBlock
- uid: ChiaWalletSdk.IRewardChainBlock.GetChallengeChainIpVdf
  commentId: M:ChiaWalletSdk.IRewardChainBlock.GetChallengeChainIpVdf
  id: GetChallengeChainIpVdf
  parent: ChiaWalletSdk.IRewardChainBlock
  langs:
  - csharp
  - vb
  name: GetChallengeChainIpVdf()
  nameWithType: IRewardChainBlock.GetChallengeChainIpVdf()
  fullName: ChiaWalletSdk.IRewardChainBlock.GetChallengeChainIpVdf()
  type: Method
  assemblies:
  - ChiaWalletSdk
  namespace: ChiaWalletSdk
  syntax:
    content: VdfInfo GetChallengeChainIpVdf()
    return:
      type: ChiaWalletSdk.VdfInfo
    content.vb: Function GetChallengeChainIpVdf() As VdfInfo
  overload: ChiaWalletSdk.IRewardChainBlock.GetChallengeChainIpVdf*
- uid: ChiaWalletSdk.IRewardChainBlock.GetChallengeChainSpSignature
  commentId: M:ChiaWalletSdk.IRewardChainBlock.GetChallengeChainSpSignature
  id: GetChallengeChainSpSignature
  parent: ChiaWalletSdk.IRewardChainBlock
  langs:
  - csharp
  - vb
  name: GetChallengeChainSpSignature()
  nameWithType: IRewardChainBlock.GetChallengeChainSpSignature()
  fullName: ChiaWalletSdk.IRewardChainBlock.GetChallengeChainSpSignature()
  type: Method
  assemblies:
  - ChiaWalletSdk
  namespace: ChiaWalletSdk
  syntax:
    content: Signature GetChallengeChainSpSignature()
    return:
      type: ChiaWalletSdk.Signature
    content.vb: Function GetChallengeChainSpSignature() As Signature
  overload: ChiaWalletSdk.IRewardChainBlock.GetChallengeChainSpSignature*
- uid: ChiaWalletSdk.IRewardChainBlock.GetChallengeChainSpVdf
  commentId: M:ChiaWalletSdk.IRewardChainBlock.GetChallengeChainSpVdf
  id: GetChallengeChainSpVdf
  parent: ChiaWalletSdk.IRewardChainBlock
  langs:
  - csharp
  - vb
  name: GetChallengeChainSpVdf()
  nameWithType: IRewardChainBlock.GetChallengeChainSpVdf()
  fullName: ChiaWalletSdk.IRewardChainBlock.GetChallengeChainSpVdf()
  type: Method
  assemblies:
  - ChiaWalletSdk
  namespace: ChiaWalletSdk
  syntax:
    content: VdfInfo? GetChallengeChainSpVdf()
    return:
      type: ChiaWalletSdk.VdfInfo
    content.vb: Function GetChallengeChainSpVdf() As VdfInfo
  overload: ChiaWalletSdk.IRewardChainBlock.GetChallengeChainSpVdf*
- uid: ChiaWalletSdk.IRewardChainBlock.GetHeaderMmrRoot
  commentId: M:ChiaWalletSdk.IRewardChainBlock.GetHeaderMmrRoot
  id: GetHeaderMmrRoot
  parent: ChiaWalletSdk.IRewardChainBlock
  langs:
  - csharp
  - vb
  name: GetHeaderMmrRoot()
  nameWithType: IRewardChainBlock.GetHeaderMmrRoot()
  fullName: ChiaWalletSdk.IRewardChainBlock.GetHeaderMmrRoot()
  type: Method
  assemblies:
  - ChiaWalletSdk
  namespace: ChiaWalletSdk
  syntax:
    content: byte[]? GetHeaderMmrRoot()
    return:
      type: System.Byte[]
    content.vb: Function GetHeaderMmrRoot() As Byte()
  overload: ChiaWalletSdk.IRewardChainBlock.GetHeaderMmrRoot*
- uid: ChiaWalletSdk.IRewardChainBlock.GetHeight
  commentId: M:ChiaWalletSdk.IRewardChainBlock.GetHeight
  id: GetHeight
  parent: ChiaWalletSdk.IRewardChainBlock
  langs:
  - csharp
  - vb
  name: GetHeight()
  nameWithType: IRewardChainBlock.GetHeight()
  fullName: ChiaWalletSdk.IRewardChainBlock.GetHeight()
  type: Method
  assemblies:
  - ChiaWalletSdk
  namespace: ChiaWalletSdk
  syntax:
    content: uint GetHeight()
    return:
      type: System.UInt32
    content.vb: Function GetHeight() As UInteger
  overload: ChiaWalletSdk.IRewardChainBlock.GetHeight*
- uid: ChiaWalletSdk.IRewardChainBlock.GetInfusedChallengeChainIpVdf
  commentId: M:ChiaWalletSdk.IRewardChainBlock.GetInfusedChallengeChainIpVdf
  id: GetInfusedChallengeChainIpVdf
  parent: ChiaWalletSdk.IRewardChainBlock
  langs:
  - csharp
  - vb
  name: GetInfusedChallengeChainIpVdf()
  nameWithType: IRewardChainBlock.GetInfusedChallengeChainIpVdf()
  fullName: ChiaWalletSdk.IRewardChainBlock.GetInfusedChallengeChainIpVdf()
  type: Method
  assemblies:
  - ChiaWalletSdk
  namespace: ChiaWalletSdk
  syntax:
    content: VdfInfo? GetInfusedChallengeChainIpVdf()
    return:
      type: ChiaWalletSdk.VdfInfo
    content.vb: Function GetInfusedChallengeChainIpVdf() As VdfInfo
  overload: ChiaWalletSdk.IRewardChainBlock.GetInfusedChallengeChainIpVdf*
- uid: ChiaWalletSdk.IRewardChainBlock.GetIsTransactionBlock
  commentId: M:ChiaWalletSdk.IRewardChainBlock.GetIsTransactionBlock
  id: GetIsTransactionBlock
  parent: ChiaWalletSdk.IRewardChainBlock
  langs:
  - csharp
  - vb
  name: GetIsTransactionBlock()
  nameWithType: IRewardChainBlock.GetIsTransactionBlock()
  fullName: ChiaWalletSdk.IRewardChainBlock.GetIsTransactionBlock()
  type: Method
  assemblies:
  - ChiaWalletSdk
  namespace: ChiaWalletSdk
  syntax:
    content: bool GetIsTransactionBlock()
    return:
      type: System.Boolean
    content.vb: Function GetIsTransactionBlock() As Boolean
  overload: ChiaWalletSdk.IRewardChainBlock.GetIsTransactionBlock*
- uid: ChiaWalletSdk.IRewardChainBlock.GetPosSsCcChallengeHash
  commentId: M:ChiaWalletSdk.IRewardChainBlock.GetPosSsCcChallengeHash
  id: GetPosSsCcChallengeHash
  parent: ChiaWalletSdk.IRewardChainBlock
  langs:
  - csharp
  - vb
  name: GetPosSsCcChallengeHash()
  nameWithType: IRewardChainBlock.GetPosSsCcChallengeHash()
  fullName: ChiaWalletSdk.IRewardChainBlock.GetPosSsCcChallengeHash()
  type: Method
  assemblies:
  - ChiaWalletSdk
  namespace: ChiaWalletSdk
  syntax:
    content: byte[] GetPosSsCcChallengeHash()
    return:
      type: System.Byte[]
    content.vb: Function GetPosSsCcChallengeHash() As Byte()
  overload: ChiaWalletSdk.IRewardChainBlock.GetPosSsCcChallengeHash*
- uid: ChiaWalletSdk.IRewardChainBlock.GetProofOfSpace
  commentId: M:ChiaWalletSdk.IRewardChainBlock.GetProofOfSpace
  id: GetProofOfSpace
  parent: ChiaWalletSdk.IRewardChainBlock
  langs:
  - csharp
  - vb
  name: GetProofOfSpace()
  nameWithType: IRewardChainBlock.GetProofOfSpace()
  fullName: ChiaWalletSdk.IRewardChainBlock.GetProofOfSpace()
  type: Method
  assemblies:
  - ChiaWalletSdk
  namespace: ChiaWalletSdk
  syntax:
    content: ProofOfSpace GetProofOfSpace()
    return:
      type: ChiaWalletSdk.ProofOfSpace
    content.vb: Function GetProofOfSpace() As ProofOfSpace
  overload: ChiaWalletSdk.IRewardChainBlock.GetProofOfSpace*
- uid: ChiaWalletSdk.IRewardChainBlock.GetRewardChainIpVdf
  commentId: M:ChiaWalletSdk.IRewardChainBlock.GetRewardChainIpVdf
  id: GetRewardChainIpVdf
  parent: ChiaWalletSdk.IRewardChainBlock
  langs:
  - csharp
  - vb
  name: GetRewardChainIpVdf()
  nameWithType: IRewardChainBlock.GetRewardChainIpVdf()
  fullName: ChiaWalletSdk.IRewardChainBlock.GetRewardChainIpVdf()
  type: Method
  assemblies:
  - ChiaWalletSdk
  namespace: ChiaWalletSdk
  syntax:
    content: VdfInfo GetRewardChainIpVdf()
    return:
      type: ChiaWalletSdk.VdfInfo
    content.vb: Function GetRewardChainIpVdf() As VdfInfo
  overload: ChiaWalletSdk.IRewardChainBlock.GetRewardChainIpVdf*
- uid: ChiaWalletSdk.IRewardChainBlock.GetRewardChainSpSignature
  commentId: M:ChiaWalletSdk.IRewardChainBlock.GetRewardChainSpSignature
  id: GetRewardChainSpSignature
  parent: ChiaWalletSdk.IRewardChainBlock
  langs:
  - csharp
  - vb
  name: GetRewardChainSpSignature()
  nameWithType: IRewardChainBlock.GetRewardChainSpSignature()
  fullName: ChiaWalletSdk.IRewardChainBlock.GetRewardChainSpSignature()
  type: Method
  assemblies:
  - ChiaWalletSdk
  namespace: ChiaWalletSdk
  syntax:
    content: Signature GetRewardChainSpSignature()
    return:
      type: ChiaWalletSdk.Signature
    content.vb: Function GetRewardChainSpSignature() As Signature
  overload: ChiaWalletSdk.IRewardChainBlock.GetRewardChainSpSignature*
- uid: ChiaWalletSdk.IRewardChainBlock.GetRewardChainSpVdf
  commentId: M:ChiaWalletSdk.IRewardChainBlock.GetRewardChainSpVdf
  id: GetRewardChainSpVdf
  parent: ChiaWalletSdk.IRewardChainBlock
  langs:
  - csharp
  - vb
  name: GetRewardChainSpVdf()
  nameWithType: IRewardChainBlock.GetRewardChainSpVdf()
  fullName: ChiaWalletSdk.IRewardChainBlock.GetRewardChainSpVdf()
  type: Method
  assemblies:
  - ChiaWalletSdk
  namespace: ChiaWalletSdk
  syntax:
    content: VdfInfo? GetRewardChainSpVdf()
    return:
      type: ChiaWalletSdk.VdfInfo
    content.vb: Function GetRewardChainSpVdf() As VdfInfo
  overload: ChiaWalletSdk.IRewardChainBlock.GetRewardChainSpVdf*
- uid: ChiaWalletSdk.IRewardChainBlock.GetSignagePointIndex
  commentId: M:ChiaWalletSdk.IRewardChainBlock.GetSignagePointIndex
  id: GetSignagePointIndex
  parent: ChiaWalletSdk.IRewardChainBlock
  langs:
  - csharp
  - vb
  name: GetSignagePointIndex()
  nameWithType: IRewardChainBlock.GetSignagePointIndex()
  fullName: ChiaWalletSdk.IRewardChainBlock.GetSignagePointIndex()
  type: Method
  assemblies:
  - ChiaWalletSdk
  namespace: ChiaWalletSdk
  syntax:
    content: byte GetSignagePointIndex()
    return:
      type: System.Byte
    content.vb: Function GetSignagePointIndex() As Byte
  overload: ChiaWalletSdk.IRewardChainBlock.GetSignagePointIndex*
- uid: ChiaWalletSdk.IRewardChainBlock.GetTotalIters
  commentId: M:ChiaWalletSdk.IRewardChainBlock.GetTotalIters
  id: GetTotalIters
  parent: ChiaWalletSdk.IRewardChainBlock
  langs:
  - csharp
  - vb
  name: GetTotalIters()
  nameWithType: IRewardChainBlock.GetTotalIters()
  fullName: ChiaWalletSdk.IRewardChainBlock.GetTotalIters()
  type: Method
  assemblies:
  - ChiaWalletSdk
  namespace: ChiaWalletSdk
  syntax:
    content: string GetTotalIters()
    return:
      type: System.String
    content.vb: Function GetTotalIters() As String
  overload: ChiaWalletSdk.IRewardChainBlock.GetTotalIters*
- uid: ChiaWalletSdk.IRewardChainBlock.GetWeight
  commentId: M:ChiaWalletSdk.IRewardChainBlock.GetWeight
  id: GetWeight
  parent: ChiaWalletSdk.IRewardChainBlock
  langs:
  - csharp
  - vb
  name: GetWeight()
  nameWithType: IRewardChainBlock.GetWeight()
  fullName: ChiaWalletSdk.IRewardChainBlock.GetWeight()
  type: Method
  assemblies:
  - ChiaWalletSdk
  namespace: ChiaWalletSdk
  syntax:
    content: string GetWeight()
    return:
      type: System.String
    content.vb: Function GetWeight() As String
  overload: ChiaWalletSdk.IRewardChainBlock.GetWeight*
- uid: ChiaWalletSdk.IRewardChainBlock.SetChallengeChainIpVdf(ChiaWalletSdk.VdfInfo)
  commentId: M:ChiaWalletSdk.IRewardChainBlock.SetChallengeChainIpVdf(ChiaWalletSdk.VdfInfo)
  id: SetChallengeChainIpVdf(ChiaWalletSdk.VdfInfo)
  parent: ChiaWalletSdk.IRewardChainBlock
  langs:
  - csharp
  - vb
  name: SetChallengeChainIpVdf(VdfInfo)
  nameWithType: IRewardChainBlock.SetChallengeChainIpVdf(VdfInfo)
  fullName: ChiaWalletSdk.IRewardChainBlock.SetChallengeChainIpVdf(ChiaWalletSdk.VdfInfo)
  type: Method
  assemblies:
  - ChiaWalletSdk
  namespace: ChiaWalletSdk
  syntax:
    content: RewardChainBlock SetChallengeChainIpVdf(VdfInfo value)
    parameters:
    - id: value
      type: ChiaWalletSdk.VdfInfo
    return:
      type: ChiaWalletSdk.RewardChainBlock
    content.vb: Function SetChallengeChainIpVdf(value As VdfInfo) As RewardChainBlock
  overload: ChiaWalletSdk.IRewardChainBlock.SetChallengeChainIpVdf*
- uid: ChiaWalletSdk.IRewardChainBlock.SetChallengeChainSpSignature(ChiaWalletSdk.Signature)
  commentId: M:ChiaWalletSdk.IRewardChainBlock.SetChallengeChainSpSignature(ChiaWalletSdk.Signature)
  id: SetChallengeChainSpSignature(ChiaWalletSdk.Signature)
  parent: ChiaWalletSdk.IRewardChainBlock
  langs:
  - csharp
  - vb
  name: SetChallengeChainSpSignature(Signature)
  nameWithType: IRewardChainBlock.SetChallengeChainSpSignature(Signature)
  fullName: ChiaWalletSdk.IRewardChainBlock.SetChallengeChainSpSignature(ChiaWalletSdk.Signature)
  type: Method
  assemblies:
  - ChiaWalletSdk
  namespace: ChiaWalletSdk
  syntax:
    content: RewardChainBlock SetChallengeChainSpSignature(Signature value)
    parameters:
    - id: value
      type: ChiaWalletSdk.Signature
    return:
      type: ChiaWalletSdk.RewardChainBlock
    content.vb: Function SetChallengeChainSpSignature(value As Signature) As RewardChainBlock
  overload: ChiaWalletSdk.IRewardChainBlock.SetChallengeChainSpSignature*
- uid: ChiaWalletSdk.IRewardChainBlock.SetChallengeChainSpVdf(ChiaWalletSdk.VdfInfo)
  commentId: M:ChiaWalletSdk.IRewardChainBlock.SetChallengeChainSpVdf(ChiaWalletSdk.VdfInfo)
  id: SetChallengeChainSpVdf(ChiaWalletSdk.VdfInfo)
  parent: ChiaWalletSdk.IRewardChainBlock
  langs:
  - csharp
  - vb
  name: SetChallengeChainSpVdf(VdfInfo?)
  nameWithType: IRewardChainBlock.SetChallengeChainSpVdf(VdfInfo?)
  fullName: ChiaWalletSdk.IRewardChainBlock.SetChallengeChainSpVdf(ChiaWalletSdk.VdfInfo?)
  type: Method
  assemblies:
  - ChiaWalletSdk
  namespace: ChiaWalletSdk
  syntax:
    content: RewardChainBlock SetChallengeChainSpVdf(VdfInfo? value)
    parameters:
    - id: value
      type: ChiaWalletSdk.VdfInfo
    return:
      type: ChiaWalletSdk.RewardChainBlock
    content.vb: Function SetChallengeChainSpVdf(value As VdfInfo) As RewardChainBlock
  overload: ChiaWalletSdk.IRewardChainBlock.SetChallengeChainSpVdf*
  nameWithType.vb: IRewardChainBlock.SetChallengeChainSpVdf(VdfInfo)
  fullName.vb: ChiaWalletSdk.IRewardChainBlock.SetChallengeChainSpVdf(ChiaWalletSdk.VdfInfo)
  name.vb: SetChallengeChainSpVdf(VdfInfo)
- uid: ChiaWalletSdk.IRewardChainBlock.SetHeaderMmrRoot(System.Byte[])
  commentId: M:ChiaWalletSdk.IRewardChainBlock.SetHeaderMmrRoot(System.Byte[])
  id: SetHeaderMmrRoot(System.Byte[])
  parent: ChiaWalletSdk.IRewardChainBlock
  langs:
  - csharp
  - vb
  name: SetHeaderMmrRoot(byte[]?)
  nameWithType: IRewardChainBlock.SetHeaderMmrRoot(byte[]?)
  fullName: ChiaWalletSdk.IRewardChainBlock.SetHeaderMmrRoot(byte[]?)
  type: Method
  assemblies:
  - ChiaWalletSdk
  namespace: ChiaWalletSdk
  syntax:
    content: RewardChainBlock SetHeaderMmrRoot(byte[]? value)
    parameters:
    - id: value
      type: System.Byte[]
    return:
      type: ChiaWalletSdk.RewardChainBlock
    content.vb: Function SetHeaderMmrRoot(value As Byte()) As RewardChainBlock
  overload: ChiaWalletSdk.IRewardChainBlock.SetHeaderMmrRoot*
  nameWithType.vb: IRewardChainBlock.SetHeaderMmrRoot(Byte())
  fullName.vb: ChiaWalletSdk.IRewardChainBlock.SetHeaderMmrRoot(Byte())
  name.vb: SetHeaderMmrRoot(Byte())
- uid: ChiaWalletSdk.IRewardChainBlock.SetHeight(System.UInt32)
  commentId: M:ChiaWalletSdk.IRewardChainBlock.SetHeight(System.UInt32)
  id: SetHeight(System.UInt32)
  parent: ChiaWalletSdk.IRewardChainBlock
  langs:
  - csharp
  - vb
  name: SetHeight(uint)
  nameWithType: IRewardChainBlock.SetHeight(uint)
  fullName: ChiaWalletSdk.IRewardChainBlock.SetHeight(uint)
  type: Method
  assemblies:
  - ChiaWalletSdk
  namespace: ChiaWalletSdk
  syntax:
    content: RewardChainBlock SetHeight(uint value)
    parameters:
    - id: value
      type: System.UInt32
    return:
      type: ChiaWalletSdk.RewardChainBlock
    content.vb: Function SetHeight(value As UInteger) As RewardChainBlock
  overload: ChiaWalletSdk.IRewardChainBlock.SetHeight*
  nameWithType.vb: IRewardChainBlock.SetHeight(UInteger)
  fullName.vb: ChiaWalletSdk.IRewardChainBlock.SetHeight(UInteger)
  name.vb: SetHeight(UInteger)
- uid: ChiaWalletSdk.IRewardChainBlock.SetInfusedChallengeChainIpVdf(ChiaWalletSdk.VdfInfo)
  commentId: M:ChiaWalletSdk.IRewardChainBlock.SetInfusedChallengeChainIpVdf(ChiaWalletSdk.VdfInfo)
  id: SetInfusedChallengeChainIpVdf(ChiaWalletSdk.VdfInfo)
  parent: ChiaWalletSdk.IRewardChainBlock
  langs:
  - csharp
  - vb
  name: SetInfusedChallengeChainIpVdf(VdfInfo?)
  nameWithType: IRewardChainBlock.SetInfusedChallengeChainIpVdf(VdfInfo?)
  fullName: ChiaWalletSdk.IRewardChainBlock.SetInfusedChallengeChainIpVdf(ChiaWalletSdk.VdfInfo?)
  type: Method
  assemblies:
  - ChiaWalletSdk
  namespace: ChiaWalletSdk
  syntax:
    content: RewardChainBlock SetInfusedChallengeChainIpVdf(VdfInfo? value)
    parameters:
    - id: value
      type: ChiaWalletSdk.VdfInfo
    return:
      type: ChiaWalletSdk.RewardChainBlock
    content.vb: Function SetInfusedChallengeChainIpVdf(value As VdfInfo) As RewardChainBlock
  overload: ChiaWalletSdk.IRewardChainBlock.SetInfusedChallengeChainIpVdf*
  nameWithType.vb: IRewardChainBlock.SetInfusedChallengeChainIpVdf(VdfInfo)
  fullName.vb: ChiaWalletSdk.IRewardChainBlock.SetInfusedChallengeChainIpVdf(ChiaWalletSdk.VdfInfo)
  name.vb: SetInfusedChallengeChainIpVdf(VdfInfo)
- uid: ChiaWalletSdk.IRewardChainBlock.SetIsTransactionBlock(System.Boolean)
  commentId: M:ChiaWalletSdk.IRewardChainBlock.SetIsTransactionBlock(System.Boolean)
  id: SetIsTransactionBlock(System.Boolean)
  parent: ChiaWalletSdk.IRewardChainBlock
  langs:
  - csharp
  - vb
  name: SetIsTransactionBlock(bool)
  nameWithType: IRewardChainBlock.SetIsTransactionBlock(bool)
  fullName: ChiaWalletSdk.IRewardChainBlock.SetIsTransactionBlock(bool)
  type: Method
  assemblies:
  - ChiaWalletSdk
  namespace: ChiaWalletSdk
  syntax:
    content: RewardChainBlock SetIsTransactionBlock(bool value)
    parameters:
    - id: value
      type: System.Boolean
    return:
      type: ChiaWalletSdk.RewardChainBlock
    content.vb: Function SetIsTransactionBlock(value As Boolean) As RewardChainBlock
  overload: ChiaWalletSdk.IRewardChainBlock.SetIsTransactionBlock*
  nameWithType.vb: IRewardChainBlock.SetIsTransactionBlock(Boolean)
  fullName.vb: ChiaWalletSdk.IRewardChainBlock.SetIsTransactionBlock(Boolean)
  name.vb: SetIsTransactionBlock(Boolean)
- uid: ChiaWalletSdk.IRewardChainBlock.SetPosSsCcChallengeHash(System.Byte[])
  commentId: M:ChiaWalletSdk.IRewardChainBlock.SetPosSsCcChallengeHash(System.Byte[])
  id: SetPosSsCcChallengeHash(System.Byte[])
  parent: ChiaWalletSdk.IRewardChainBlock
  langs:
  - csharp
  - vb
  name: SetPosSsCcChallengeHash(byte[])
  nameWithType: IRewardChainBlock.SetPosSsCcChallengeHash(byte[])
  fullName: ChiaWalletSdk.IRewardChainBlock.SetPosSsCcChallengeHash(byte[])
  type: Method
  assemblies:
  - ChiaWalletSdk
  namespace: ChiaWalletSdk
  syntax:
    content: RewardChainBlock SetPosSsCcChallengeHash(byte[] value)
    parameters:
    - id: value
      type: System.Byte[]
    return:
      type: ChiaWalletSdk.RewardChainBlock
    content.vb: Function SetPosSsCcChallengeHash(value As Byte()) As RewardChainBlock
  overload: ChiaWalletSdk.IRewardChainBlock.SetPosSsCcChallengeHash*
  nameWithType.vb: IRewardChainBlock.SetPosSsCcChallengeHash(Byte())
  fullName.vb: ChiaWalletSdk.IRewardChainBlock.SetPosSsCcChallengeHash(Byte())
  name.vb: SetPosSsCcChallengeHash(Byte())
- uid: ChiaWalletSdk.IRewardChainBlock.SetProofOfSpace(ChiaWalletSdk.ProofOfSpace)
  commentId: M:ChiaWalletSdk.IRewardChainBlock.SetProofOfSpace(ChiaWalletSdk.ProofOfSpace)
  id: SetProofOfSpace(ChiaWalletSdk.ProofOfSpace)
  parent: ChiaWalletSdk.IRewardChainBlock
  langs:
  - csharp
  - vb
  name: SetProofOfSpace(ProofOfSpace)
  nameWithType: IRewardChainBlock.SetProofOfSpace(ProofOfSpace)
  fullName: ChiaWalletSdk.IRewardChainBlock.SetProofOfSpace(ChiaWalletSdk.ProofOfSpace)
  type: Method
  assemblies:
  - ChiaWalletSdk
  namespace: ChiaWalletSdk
  syntax:
    content: RewardChainBlock SetProofOfSpace(ProofOfSpace value)
    parameters:
    - id: value
      type: ChiaWalletSdk.ProofOfSpace
    return:
      type: ChiaWalletSdk.RewardChainBlock
    content.vb: Function SetProofOfSpace(value As ProofOfSpace) As RewardChainBlock
  overload: ChiaWalletSdk.IRewardChainBlock.SetProofOfSpace*
- uid: ChiaWalletSdk.IRewardChainBlock.SetRewardChainIpVdf(ChiaWalletSdk.VdfInfo)
  commentId: M:ChiaWalletSdk.IRewardChainBlock.SetRewardChainIpVdf(ChiaWalletSdk.VdfInfo)
  id: SetRewardChainIpVdf(ChiaWalletSdk.VdfInfo)
  parent: ChiaWalletSdk.IRewardChainBlock
  langs:
  - csharp
  - vb
  name: SetRewardChainIpVdf(VdfInfo)
  nameWithType: IRewardChainBlock.SetRewardChainIpVdf(VdfInfo)
  fullName: ChiaWalletSdk.IRewardChainBlock.SetRewardChainIpVdf(ChiaWalletSdk.VdfInfo)
  type: Method
  assemblies:
  - ChiaWalletSdk
  namespace: ChiaWalletSdk
  syntax:
    content: RewardChainBlock SetRewardChainIpVdf(VdfInfo value)
    parameters:
    - id: value
      type: ChiaWalletSdk.VdfInfo
    return:
      type: ChiaWalletSdk.RewardChainBlock
    content.vb: Function SetRewardChainIpVdf(value As VdfInfo) As RewardChainBlock
  overload: ChiaWalletSdk.IRewardChainBlock.SetRewardChainIpVdf*
- uid: ChiaWalletSdk.IRewardChainBlock.SetRewardChainSpSignature(ChiaWalletSdk.Signature)
  commentId: M:ChiaWalletSdk.IRewardChainBlock.SetRewardChainSpSignature(ChiaWalletSdk.Signature)
  id: SetRewardChainSpSignature(ChiaWalletSdk.Signature)
  parent: ChiaWalletSdk.IRewardChainBlock
  langs:
  - csharp
  - vb
  name: SetRewardChainSpSignature(Signature)
  nameWithType: IRewardChainBlock.SetRewardChainSpSignature(Signature)
  fullName: ChiaWalletSdk.IRewardChainBlock.SetRewardChainSpSignature(ChiaWalletSdk.Signature)
  type: Method
  assemblies:
  - ChiaWalletSdk
  namespace: ChiaWalletSdk
  syntax:
    content: RewardChainBlock SetRewardChainSpSignature(Signature value)
    parameters:
    - id: value
      type: ChiaWalletSdk.Signature
    return:
      type: ChiaWalletSdk.RewardChainBlock
    content.vb: Function SetRewardChainSpSignature(value As Signature) As RewardChainBlock
  overload: ChiaWalletSdk.IRewardChainBlock.SetRewardChainSpSignature*
- uid: ChiaWalletSdk.IRewardChainBlock.SetRewardChainSpVdf(ChiaWalletSdk.VdfInfo)
  commentId: M:ChiaWalletSdk.IRewardChainBlock.SetRewardChainSpVdf(ChiaWalletSdk.VdfInfo)
  id: SetRewardChainSpVdf(ChiaWalletSdk.VdfInfo)
  parent: ChiaWalletSdk.IRewardChainBlock
  langs:
  - csharp
  - vb
  name: SetRewardChainSpVdf(VdfInfo?)
  nameWithType: IRewardChainBlock.SetRewardChainSpVdf(VdfInfo?)
  fullName: ChiaWalletSdk.IRewardChainBlock.SetRewardChainSpVdf(ChiaWalletSdk.VdfInfo?)
  type: Method
  assemblies:
  - ChiaWalletSdk
  namespace: ChiaWalletSdk
  syntax:
    content: RewardChainBlock SetRewardChainSpVdf(VdfInfo? value)
    parameters:
    - id: value
      type: ChiaWalletSdk.VdfInfo
    return:
      type: ChiaWalletSdk.RewardChainBlock
    content.vb: Function SetRewardChainSpVdf(value As VdfInfo) As RewardChainBlock
  overload: ChiaWalletSdk.IRewardChainBlock.SetRewardChainSpVdf*
  nameWithType.vb: IRewardChainBlock.SetRewardChainSpVdf(VdfInfo)
  fullName.vb: ChiaWalletSdk.IRewardChainBlock.SetRewardChainSpVdf(ChiaWalletSdk.VdfInfo)
  name.vb: SetRewardChainSpVdf(VdfInfo)
- uid: ChiaWalletSdk.IRewardChainBlock.SetSignagePointIndex(System.Byte)
  commentId: M:ChiaWalletSdk.IRewardChainBlock.SetSignagePointIndex(System.Byte)
  id: SetSignagePointIndex(System.Byte)
  parent: ChiaWalletSdk.IRewardChainBlock
  langs:
  - csharp
  - vb
  name: SetSignagePointIndex(byte)
  nameWithType: IRewardChainBlock.SetSignagePointIndex(byte)
  fullName: ChiaWalletSdk.IRewardChainBlock.SetSignagePointIndex(byte)
  type: Method
  assemblies:
  - ChiaWalletSdk
  namespace: ChiaWalletSdk
  syntax:
    content: RewardChainBlock SetSignagePointIndex(byte value)
    parameters:
    - id: value
      type: System.Byte
    return:
      type: ChiaWalletSdk.RewardChainBlock
    content.vb: Function SetSignagePointIndex(value As Byte) As RewardChainBlock
  overload: ChiaWalletSdk.IRewardChainBlock.SetSignagePointIndex*
  nameWithType.vb: IRewardChainBlock.SetSignagePointIndex(Byte)
  fullName.vb: ChiaWalletSdk.IRewardChainBlock.SetSignagePointIndex(Byte)
  name.vb: SetSignagePointIndex(Byte)
- uid: ChiaWalletSdk.IRewardChainBlock.SetTotalIters(System.String)
  commentId: M:ChiaWalletSdk.IRewardChainBlock.SetTotalIters(System.String)
  id: SetTotalIters(System.String)
  parent: ChiaWalletSdk.IRewardChainBlock
  langs:
  - csharp
  - vb
  name: SetTotalIters(string)
  nameWithType: IRewardChainBlock.SetTotalIters(string)
  fullName: ChiaWalletSdk.IRewardChainBlock.SetTotalIters(string)
  type: Method
  assemblies:
  - ChiaWalletSdk
  namespace: ChiaWalletSdk
  syntax:
    content: RewardChainBlock SetTotalIters(string value)
    parameters:
    - id: value
      type: System.String
    return:
      type: ChiaWalletSdk.RewardChainBlock
    content.vb: Function SetTotalIters(value As String) As RewardChainBlock
  overload: ChiaWalletSdk.IRewardChainBlock.SetTotalIters*
  nameWithType.vb: IRewardChainBlock.SetTotalIters(String)
  fullName.vb: ChiaWalletSdk.IRewardChainBlock.SetTotalIters(String)
  name.vb: SetTotalIters(String)
- uid: ChiaWalletSdk.IRewardChainBlock.SetWeight(System.String)
  commentId: M:ChiaWalletSdk.IRewardChainBlock.SetWeight(System.String)
  id: SetWeight(System.String)
  parent: ChiaWalletSdk.IRewardChainBlock
  langs:
  - csharp
  - vb
  name: SetWeight(string)
  nameWithType: IRewardChainBlock.SetWeight(string)
  fullName: ChiaWalletSdk.IRewardChainBlock.SetWeight(string)
  type: Method
  assemblies:
  - ChiaWalletSdk
  namespace: ChiaWalletSdk
  syntax:
    content: RewardChainBlock SetWeight(string value)
    parameters:
    - id: value
      type: System.String
    return:
      type: ChiaWalletSdk.RewardChainBlock
    content.vb: Function SetWeight(value As String) As RewardChainBlock
  overload: ChiaWalletSdk.IRewardChainBlock.SetWeight*
  nameWithType.vb: IRewardChainBlock.SetWeight(String)
  fullName.vb: ChiaWalletSdk.IRewardChainBlock.SetWeight(String)
  name.vb: SetWeight(String)
references:
- uid: ChiaWalletSdk
  commentId: N:ChiaWalletSdk
  isExternal: true
  href: ChiaWalletSdk.html
  name: ChiaWalletSdk
  nameWithType: ChiaWalletSdk
  fullName: ChiaWalletSdk
- uid: ChiaWalletSdk.IRewardChainBlock.GetChallengeChainIpVdf*
  commentId: Overload:ChiaWalletSdk.IRewardChainBlock.GetChallengeChainIpVdf
  isExternal: true
  href: ChiaWalletSdk.IRewardChainBlock.html#ChiaWalletSdk_IRewardChainBlock_GetChallengeChainIpVdf
  name: GetChallengeChainIpVdf
  nameWithType: IRewardChainBlock.GetChallengeChainIpVdf
  fullName: ChiaWalletSdk.IRewardChainBlock.GetChallengeChainIpVdf
- uid: ChiaWalletSdk.VdfInfo
  commentId: T:ChiaWalletSdk.VdfInfo
  parent: ChiaWalletSdk
  isExternal: true
  href: ChiaWalletSdk.VdfInfo.html
  name: VdfInfo
  nameWithType: VdfInfo
  fullName: ChiaWalletSdk.VdfInfo
- uid: ChiaWalletSdk.IRewardChainBlock.GetChallengeChainSpSignature*
  commentId: Overload:ChiaWalletSdk.IRewardChainBlock.GetChallengeChainSpSignature
  isExternal: true
  href: ChiaWalletSdk.IRewardChainBlock.html#ChiaWalletSdk_IRewardChainBlock_GetChallengeChainSpSignature
  name: GetChallengeChainSpSignature
  nameWithType: IRewardChainBlock.GetChallengeChainSpSignature
  fullName: ChiaWalletSdk.IRewardChainBlock.GetChallengeChainSpSignature
- uid: ChiaWalletSdk.Signature
  commentId: T:ChiaWalletSdk.Signature
  parent: ChiaWalletSdk
  isExternal: true
  href: ChiaWalletSdk.Signature.html
  name: Signature
  nameWithType: Signature
  fullName: ChiaWalletSdk.Signature
- uid: ChiaWalletSdk.IRewardChainBlock.GetChallengeChainSpVdf*
  commentId: Overload:ChiaWalletSdk.IRewardChainBlock.GetChallengeChainSpVdf
  isExternal: true
  href: ChiaWalletSdk.IRewardChainBlock.html#ChiaWalletSdk_IRewardChainBlock_GetChallengeChainSpVdf
  name: GetChallengeChainSpVdf
  nameWithType: IRewardChainBlock.GetChallengeChainSpVdf
  fullName: ChiaWalletSdk.IRewardChainBlock.GetChallengeChainSpVdf
- uid: ChiaWalletSdk.IRewardChainBlock.GetHeaderMmrRoot*
  commentId: Overload:ChiaWalletSdk.IRewardChainBlock.GetHeaderMmrRoot
  isExternal: true
  href: ChiaWalletSdk.IRewardChainBlock.html#ChiaWalletSdk_IRewardChainBlock_GetHeaderMmrRoot
  name: GetHeaderMmrRoot
  nameWithType: IRewardChainBlock.GetHeaderMmrRoot
  fullName: ChiaWalletSdk.IRewardChainBlock.GetHeaderMmrRoot
- uid: System.Byte[]
  isExternal: true
  name: byte[]
  nameWithType: byte[]
  fullName: byte[]
  nameWithType.vb: Byte()
  fullName.vb: Byte()
  name.vb: Byte()
  spec.csharp:
  - uid: System.Byte
    name: byte
    isExternal: true
  - name: '['
  - name: ']'
  spec.vb:
  - uid: System.Byte
    name: Byte
    isExternal: true
  - name: (
  - name: )
- uid: ChiaWalletSdk.IRewardChainBlock.GetHeight*
  commentId: Overload:ChiaWalletSdk.IRewardChainBlock.GetHeight
  isExternal: true
  href: ChiaWalletSdk.IRewardChainBlock.html#ChiaWalletSdk_IRewardChainBlock_GetHeight
  name: GetHeight
  nameWithType: IRewardChainBlock.GetHeight
  fullName: ChiaWalletSdk.IRewardChainBlock.GetHeight
- uid: System.UInt32
  commentId: T:System.UInt32
  parent: System
  isExternal: true
  name: uint
  nameWithType: uint
  fullName: uint
  nameWithType.vb: UInteger
  fullName.vb: UInteger
  name.vb: UInteger
- uid: System
  commentId: N:System
  isExternal: true
  href: https://learn.microsoft.com/dotnet/api/system
  name: System
  nameWithType: System
  fullName: System
- uid: ChiaWalletSdk.IRewardChainBlock.GetInfusedChallengeChainIpVdf*
  commentId: Overload:ChiaWalletSdk.IRewardChainBlock.GetInfusedChallengeChainIpVdf
  isExternal: true
  href: ChiaWalletSdk.IRewardChainBlock.html#ChiaWalletSdk_IRewardChainBlock_GetInfusedChallengeChainIpVdf
  name: GetInfusedChallengeChainIpVdf
  nameWithType: IRewardChainBlock.GetInfusedChallengeChainIpVdf
  fullName: ChiaWalletSdk.IRewardChainBlock.GetInfusedChallengeChainIpVdf
- uid: ChiaWalletSdk.IRewardChainBlock.GetIsTransactionBlock*
  commentId: Overload:ChiaWalletSdk.IRewardChainBlock.GetIsTransactionBlock
  isExternal: true
  href: ChiaWalletSdk.IRewardChainBlock.html#ChiaWalletSdk_IRewardChainBlock_GetIsTransactionBlock
  name: GetIsTransactionBlock
  nameWithType: IRewardChainBlock.GetIsTransactionBlock
  fullName: ChiaWalletSdk.IRewardChainBlock.GetIsTransactionBlock
- uid: System.Boolean
  commentId: T:System.Boolean
  parent: System
  isExternal: true
  name: bool
  nameWithType: bool
  fullName: bool
  nameWithType.vb: Boolean
  fullName.vb: Boolean
  name.vb: Boolean
- uid: ChiaWalletSdk.IRewardChainBlock.GetPosSsCcChallengeHash*
  commentId: Overload:ChiaWalletSdk.IRewardChainBlock.GetPosSsCcChallengeHash
  isExternal: true
  href: ChiaWalletSdk.IRewardChainBlock.html#ChiaWalletSdk_IRewardChainBlock_GetPosSsCcChallengeHash
  name: GetPosSsCcChallengeHash
  nameWithType: IRewardChainBlock.GetPosSsCcChallengeHash
  fullName: ChiaWalletSdk.IRewardChainBlock.GetPosSsCcChallengeHash
- uid: ChiaWalletSdk.IRewardChainBlock.GetProofOfSpace*
  commentId: Overload:ChiaWalletSdk.IRewardChainBlock.GetProofOfSpace
  isExternal: true
  href: ChiaWalletSdk.IRewardChainBlock.html#ChiaWalletSdk_IRewardChainBlock_GetProofOfSpace
  name: GetProofOfSpace
  nameWithType: IRewardChainBlock.GetProofOfSpace
  fullName: ChiaWalletSdk.IRewardChainBlock.GetProofOfSpace
- uid: ChiaWalletSdk.ProofOfSpace
  commentId: T:ChiaWalletSdk.ProofOfSpace
  parent: ChiaWalletSdk
  isExternal: true
  href: ChiaWalletSdk.ProofOfSpace.html
  name: ProofOfSpace
  nameWithType: ProofOfSpace
  fullName: ChiaWalletSdk.ProofOfSpace
- uid: ChiaWalletSdk.IRewardChainBlock.GetRewardChainIpVdf*
  commentId: Overload:ChiaWalletSdk.IRewardChainBlock.GetRewardChainIpVdf
  isExternal: true
  href: ChiaWalletSdk.IRewardChainBlock.html#ChiaWalletSdk_IRewardChainBlock_GetRewardChainIpVdf
  name: GetRewardChainIpVdf
  nameWithType: IRewardChainBlock.GetRewardChainIpVdf
  fullName: ChiaWalletSdk.IRewardChainBlock.GetRewardChainIpVdf
- uid: ChiaWalletSdk.IRewardChainBlock.GetRewardChainSpSignature*
  commentId: Overload:ChiaWalletSdk.IRewardChainBlock.GetRewardChainSpSignature
  isExternal: true
  href: ChiaWalletSdk.IRewardChainBlock.html#ChiaWalletSdk_IRewardChainBlock_GetRewardChainSpSignature
  name: GetRewardChainSpSignature
  nameWithType: IRewardChainBlock.GetRewardChainSpSignature
  fullName: ChiaWalletSdk.IRewardChainBlock.GetRewardChainSpSignature
- uid: ChiaWalletSdk.IRewardChainBlock.GetRewardChainSpVdf*
  commentId: Overload:ChiaWalletSdk.IRewardChainBlock.GetRewardChainSpVdf
  isExternal: true
  href: ChiaWalletSdk.IRewardChainBlock.html#ChiaWalletSdk_IRewardChainBlock_GetRewardChainSpVdf
  name: GetRewardChainSpVdf
  nameWithType: IRewardChainBlock.GetRewardChainSpVdf
  fullName: ChiaWalletSdk.IRewardChainBlock.GetRewardChainSpVdf
- uid: ChiaWalletSdk.IRewardChainBlock.GetSignagePointIndex*
  commentId: Overload:ChiaWalletSdk.IRewardChainBlock.GetSignagePointIndex
  isExternal: true
  href: ChiaWalletSdk.IRewardChainBlock.html#ChiaWalletSdk_IRewardChainBlock_GetSignagePointIndex
  name: GetSignagePointIndex
  nameWithType: IRewardChainBlock.GetSignagePointIndex
  fullName: ChiaWalletSdk.IRewardChainBlock.GetSignagePointIndex
- uid: System.Byte
  commentId: T:System.Byte
  parent: System
  isExternal: true
  name: byte
  nameWithType: byte
  fullName: byte
  nameWithType.vb: Byte
  fullName.vb: Byte
  name.vb: Byte
- uid: ChiaWalletSdk.IRewardChainBlock.GetTotalIters*
  commentId: Overload:ChiaWalletSdk.IRewardChainBlock.GetTotalIters
  isExternal: true
  href: ChiaWalletSdk.IRewardChainBlock.html#ChiaWalletSdk_IRewardChainBlock_GetTotalIters
  name: GetTotalIters
  nameWithType: IRewardChainBlock.GetTotalIters
  fullName: ChiaWalletSdk.IRewardChainBlock.GetTotalIters
- uid: System.String
  commentId: T:System.String
  parent: System
  isExternal: true
  name: string
  nameWithType: string
  fullName: string
  nameWithType.vb: String
  fullName.vb: String
  name.vb: String
- uid: ChiaWalletSdk.IRewardChainBlock.GetWeight*
  commentId: Overload:ChiaWalletSdk.IRewardChainBlock.GetWeight
  isExternal: true
  href: ChiaWalletSdk.IRewardChainBlock.html#ChiaWalletSdk_IRewardChainBlock_GetWeight
  name: GetWeight
  nameWithType: IRewardChainBlock.GetWeight
  fullName: ChiaWalletSdk.IRewardChainBlock.GetWeight
- uid: ChiaWalletSdk.IRewardChainBlock.SetChallengeChainIpVdf*
  commentId: Overload:ChiaWalletSdk.IRewardChainBlock.SetChallengeChainIpVdf
  isExternal: true
  href: ChiaWalletSdk.IRewardChainBlock.html#ChiaWalletSdk_IRewardChainBlock_SetChallengeChainIpVdf_ChiaWalletSdk_VdfInfo_
  name: SetChallengeChainIpVdf
  nameWithType: IRewardChainBlock.SetChallengeChainIpVdf
  fullName: ChiaWalletSdk.IRewardChainBlock.SetChallengeChainIpVdf
- uid: ChiaWalletSdk.RewardChainBlock
  commentId: T:ChiaWalletSdk.RewardChainBlock
  parent: ChiaWalletSdk
  isExternal: true
  href: ChiaWalletSdk.RewardChainBlock.html
  name: RewardChainBlock
  nameWithType: RewardChainBlock
  fullName: ChiaWalletSdk.RewardChainBlock
- uid: ChiaWalletSdk.IRewardChainBlock.SetChallengeChainSpSignature*
  commentId: Overload:ChiaWalletSdk.IRewardChainBlock.SetChallengeChainSpSignature
  isExternal: true
  href: ChiaWalletSdk.IRewardChainBlock.html#ChiaWalletSdk_IRewardChainBlock_SetChallengeChainSpSignature_ChiaWalletSdk_Signature_
  name: SetChallengeChainSpSignature
  nameWithType: IRewardChainBlock.SetChallengeChainSpSignature
  fullName: ChiaWalletSdk.IRewardChainBlock.SetChallengeChainSpSignature
- uid: ChiaWalletSdk.IRewardChainBlock.SetChallengeChainSpVdf*
  commentId: Overload:ChiaWalletSdk.IRewardChainBlock.SetChallengeChainSpVdf
  isExternal: true
  href: ChiaWalletSdk.IRewardChainBlock.html#ChiaWalletSdk_IRewardChainBlock_SetChallengeChainSpVdf_ChiaWalletSdk_VdfInfo_
  name: SetChallengeChainSpVdf
  nameWithType: IRewardChainBlock.SetChallengeChainSpVdf
  fullName: ChiaWalletSdk.IRewardChainBlock.SetChallengeChainSpVdf
- uid: ChiaWalletSdk.IRewardChainBlock.SetHeaderMmrRoot*
  commentId: Overload:ChiaWalletSdk.IRewardChainBlock.SetHeaderMmrRoot
  isExternal: true
  href: ChiaWalletSdk.IRewardChainBlock.html#ChiaWalletSdk_IRewardChainBlock_SetHeaderMmrRoot_System_Byte___
  name: SetHeaderMmrRoot
  nameWithType: IRewardChainBlock.SetHeaderMmrRoot
  fullName: ChiaWalletSdk.IRewardChainBlock.SetHeaderMmrRoot
- uid: ChiaWalletSdk.IRewardChainBlock.SetHeight*
  commentId: Overload:ChiaWalletSdk.IRewardChainBlock.SetHeight
  isExternal: true
  href: ChiaWalletSdk.IRewardChainBlock.html#ChiaWalletSdk_IRewardChainBlock_SetHeight_System_UInt32_
  name: SetHeight
  nameWithType: IRewardChainBlock.SetHeight
  fullName: ChiaWalletSdk.IRewardChainBlock.SetHeight
- uid: ChiaWalletSdk.IRewardChainBlock.SetInfusedChallengeChainIpVdf*
  commentId: Overload:ChiaWalletSdk.IRewardChainBlock.SetInfusedChallengeChainIpVdf
  isExternal: true
  href: ChiaWalletSdk.IRewardChainBlock.html#ChiaWalletSdk_IRewardChainBlock_SetInfusedChallengeChainIpVdf_ChiaWalletSdk_VdfInfo_
  name: SetInfusedChallengeChainIpVdf
  nameWithType: IRewardChainBlock.SetInfusedChallengeChainIpVdf
  fullName: ChiaWalletSdk.IRewardChainBlock.SetInfusedChallengeChainIpVdf
- uid: ChiaWalletSdk.IRewardChainBlock.SetIsTransactionBlock*
  commentId: Overload:ChiaWalletSdk.IRewardChainBlock.SetIsTransactionBlock
  isExternal: true
  href: ChiaWalletSdk.IRewardChainBlock.html#ChiaWalletSdk_IRewardChainBlock_SetIsTransactionBlock_System_Boolean_
  name: SetIsTransactionBlock
  nameWithType: IRewardChainBlock.SetIsTransactionBlock
  fullName: ChiaWalletSdk.IRewardChainBlock.SetIsTransactionBlock
- uid: ChiaWalletSdk.IRewardChainBlock.SetPosSsCcChallengeHash*
  commentId: Overload:ChiaWalletSdk.IRewardChainBlock.SetPosSsCcChallengeHash
  isExternal: true
  href: ChiaWalletSdk.IRewardChainBlock.html#ChiaWalletSdk_IRewardChainBlock_SetPosSsCcChallengeHash_System_Byte___
  name: SetPosSsCcChallengeHash
  nameWithType: IRewardChainBlock.SetPosSsCcChallengeHash
  fullName: ChiaWalletSdk.IRewardChainBlock.SetPosSsCcChallengeHash
- uid: ChiaWalletSdk.IRewardChainBlock.SetProofOfSpace*
  commentId: Overload:ChiaWalletSdk.IRewardChainBlock.SetProofOfSpace
  isExternal: true
  href: ChiaWalletSdk.IRewardChainBlock.html#ChiaWalletSdk_IRewardChainBlock_SetProofOfSpace_ChiaWalletSdk_ProofOfSpace_
  name: SetProofOfSpace
  nameWithType: IRewardChainBlock.SetProofOfSpace
  fullName: ChiaWalletSdk.IRewardChainBlock.SetProofOfSpace
- uid: ChiaWalletSdk.IRewardChainBlock.SetRewardChainIpVdf*
  commentId: Overload:ChiaWalletSdk.IRewardChainBlock.SetRewardChainIpVdf
  isExternal: true
  href: ChiaWalletSdk.IRewardChainBlock.html#ChiaWalletSdk_IRewardChainBlock_SetRewardChainIpVdf_ChiaWalletSdk_VdfInfo_
  name: SetRewardChainIpVdf
  nameWithType: IRewardChainBlock.SetRewardChainIpVdf
  fullName: ChiaWalletSdk.IRewardChainBlock.SetRewardChainIpVdf
- uid: ChiaWalletSdk.IRewardChainBlock.SetRewardChainSpSignature*
  commentId: Overload:ChiaWalletSdk.IRewardChainBlock.SetRewardChainSpSignature
  isExternal: true
  href: ChiaWalletSdk.IRewardChainBlock.html#ChiaWalletSdk_IRewardChainBlock_SetRewardChainSpSignature_ChiaWalletSdk_Signature_
  name: SetRewardChainSpSignature
  nameWithType: IRewardChainBlock.SetRewardChainSpSignature
  fullName: ChiaWalletSdk.IRewardChainBlock.SetRewardChainSpSignature
- uid: ChiaWalletSdk.IRewardChainBlock.SetRewardChainSpVdf*
  commentId: Overload:ChiaWalletSdk.IRewardChainBlock.SetRewardChainSpVdf
  isExternal: true
  href: ChiaWalletSdk.IRewardChainBlock.html#ChiaWalletSdk_IRewardChainBlock_SetRewardChainSpVdf_ChiaWalletSdk_VdfInfo_
  name: SetRewardChainSpVdf
  nameWithType: IRewardChainBlock.SetRewardChainSpVdf
  fullName: ChiaWalletSdk.IRewardChainBlock.SetRewardChainSpVdf
- uid: ChiaWalletSdk.IRewardChainBlock.SetSignagePointIndex*
  commentId: Overload:ChiaWalletSdk.IRewardChainBlock.SetSignagePointIndex
  isExternal: true
  href: ChiaWalletSdk.IRewardChainBlock.html#ChiaWalletSdk_IRewardChainBlock_SetSignagePointIndex_System_Byte_
  name: SetSignagePointIndex
  nameWithType: IRewardChainBlock.SetSignagePointIndex
  fullName: ChiaWalletSdk.IRewardChainBlock.SetSignagePointIndex
- uid: ChiaWalletSdk.IRewardChainBlock.SetTotalIters*
  commentId: Overload:ChiaWalletSdk.IRewardChainBlock.SetTotalIters
  isExternal: true
  href: ChiaWalletSdk.IRewardChainBlock.html#ChiaWalletSdk_IRewardChainBlock_SetTotalIters_System_String_
  name: SetTotalIters
  nameWithType: IRewardChainBlock.SetTotalIters
  fullName: ChiaWalletSdk.IRewardChainBlock.SetTotalIters
- uid: ChiaWalletSdk.IRewardChainBlock.SetWeight*
  commentId: Overload:ChiaWalletSdk.IRewardChainBlock.SetWeight
  isExternal: true
  href: ChiaWalletSdk.IRewardChainBlock.html#ChiaWalletSdk_IRewardChainBlock_SetWeight_System_String_
  name: SetWeight
  nameWithType: IRewardChainBlock.SetWeight
  fullName: ChiaWalletSdk.IRewardChainBlock.SetWeight
