### YamlMime:ManagedReference
items:
- uid: ChiaWalletSdk.IFoliageTransactionBlock
  commentId: T:ChiaWalletSdk.IFoliageTransactionBlock
  id: IFoliageTransactionBlock
  parent: ChiaWalletSdk
  children:
  - ChiaWalletSdk.IFoliageTransactionBlock.GetAdditionsRoot
  - ChiaWalletSdk.IFoliageTransactionBlock.GetFilterHash
  - ChiaWalletSdk.IFoliageTransactionBlock.GetPrevTransactionBlockHash
  - ChiaWalletSdk.IFoliageTransactionBlock.GetRemovalsRoot
  - ChiaWalletSdk.IFoliageTransactionBlock.GetTimestamp
  - ChiaWalletSdk.IFoliageTransactionBlock.GetTransactionsInfoHash
  - ChiaWalletSdk.IFoliageTransactionBlock.SetAdditionsRoot(System.Byte[])
  - ChiaWalletSdk.IFoliageTransactionBlock.SetFilterHash(System.Byte[])
  - ChiaWalletSdk.IFoliageTransactionBlock.SetPrevTransactionBlockHash(System.Byte[])
  - ChiaWalletSdk.IFoliageTransactionBlock.SetRemovalsRoot(System.Byte[])
  - ChiaWalletSdk.IFoliageTransactionBlock.SetTimestamp(System.String)
  - ChiaWalletSdk.IFoliageTransactionBlock.SetTransactionsInfoHash(System.Byte[])
  langs:
  - csharp
  - vb
  name: IFoliageTransactionBlock
  nameWithType: IFoliageTransactionBlock
  fullName: ChiaWalletSdk.IFoliageTransactionBlock
  type: Interface
  assemblies:
  - ChiaWalletSdk
  namespace: ChiaWalletSdk
  syntax:
    content: public interface IFoliageTransactionBlock
    content.vb: Public Interface IFoliageTransactionBlock
  derivedClasses:
  - ChiaWalletSdk.FoliageTransactionBlock
- uid: ChiaWalletSdk.IFoliageTransactionBlock.GetAdditionsRoot
  commentId: M:ChiaWalletSdk.IFoliageTransactionBlock.GetAdditionsRoot
  id: GetAdditionsRoot
  parent: ChiaWalletSdk.IFoliageTransactionBlock
  langs:
  - csharp
  - vb
  name: GetAdditionsRoot()
  nameWithType: IFoliageTransactionBlock.GetAdditionsRoot()
  fullName: ChiaWalletSdk.IFoliageTransactionBlock.GetAdditionsRoot()
  type: Method
  assemblies:
  - ChiaWalletSdk
  namespace: ChiaWalletSdk
  syntax:
    content: byte[] GetAdditionsRoot()
    return:
      type: System.Byte[]
    content.vb: Function GetAdditionsRoot() As Byte()
  overload: ChiaWalletSdk.IFoliageTransactionBlock.GetAdditionsRoot*
- uid: ChiaWalletSdk.IFoliageTransactionBlock.GetFilterHash
  commentId: M:ChiaWalletSdk.IFoliageTransactionBlock.GetFilterHash
  id: GetFilterHash
  parent: ChiaWalletSdk.IFoliageTransactionBlock
  langs:
  - csharp
  - vb
  name: GetFilterHash()
  nameWithType: IFoliageTransactionBlock.GetFilterHash()
  fullName: ChiaWalletSdk.IFoliageTransactionBlock.GetFilterHash()
  type: Method
  assemblies:
  - ChiaWalletSdk
  namespace: ChiaWalletSdk
  syntax:
    content: byte[] GetFilterHash()
    return:
      type: System.Byte[]
    content.vb: Function GetFilterHash() As Byte()
  overload: ChiaWalletSdk.IFoliageTransactionBlock.GetFilterHash*
- uid: ChiaWalletSdk.IFoliageTransactionBlock.GetPrevTransactionBlockHash
  commentId: M:ChiaWalletSdk.IFoliageTransactionBlock.GetPrevTransactionBlockHash
  id: GetPrevTransactionBlockHash
  parent: ChiaWalletSdk.IFoliageTransactionBlock
  langs:
  - csharp
  - vb
  name: GetPrevTransactionBlockHash()
  nameWithType: IFoliageTransactionBlock.GetPrevTransactionBlockHash()
  fullName: ChiaWalletSdk.IFoliageTransactionBlock.GetPrevTransactionBlockHash()
  type: Method
  assemblies:
  - ChiaWalletSdk
  namespace: ChiaWalletSdk
  syntax:
    content: byte[] GetPrevTransactionBlockHash()
    return:
      type: System.Byte[]
    content.vb: Function GetPrevTransactionBlockHash() As Byte()
  overload: ChiaWalletSdk.IFoliageTransactionBlock.GetPrevTransactionBlockHash*
- uid: ChiaWalletSdk.IFoliageTransactionBlock.GetRemovalsRoot
  commentId: M:ChiaWalletSdk.IFoliageTransactionBlock.GetRemovalsRoot
  id: GetRemovalsRoot
  parent: ChiaWalletSdk.IFoliageTransactionBlock
  langs:
  - csharp
  - vb
  name: GetRemovalsRoot()
  nameWithType: IFoliageTransactionBlock.GetRemovalsRoot()
  fullName: ChiaWalletSdk.IFoliageTransactionBlock.GetRemovalsRoot()
  type: Method
  assemblies:
  - ChiaWalletSdk
  namespace: ChiaWalletSdk
  syntax:
    content: byte[] GetRemovalsRoot()
    return:
      type: System.Byte[]
    content.vb: Function GetRemovalsRoot() As Byte()
  overload: ChiaWalletSdk.IFoliageTransactionBlock.GetRemovalsRoot*
- uid: ChiaWalletSdk.IFoliageTransactionBlock.GetTimestamp
  commentId: M:ChiaWalletSdk.IFoliageTransactionBlock.GetTimestamp
  id: GetTimestamp
  parent: ChiaWalletSdk.IFoliageTransactionBlock
  langs:
  - csharp
  - vb
  name: GetTimestamp()
  nameWithType: IFoliageTransactionBlock.GetTimestamp()
  fullName: ChiaWalletSdk.IFoliageTransactionBlock.GetTimestamp()
  type: Method
  assemblies:
  - ChiaWalletSdk
  namespace: ChiaWalletSdk
  syntax:
    content: string GetTimestamp()
    return:
      type: System.String
    content.vb: Function GetTimestamp() As String
  overload: ChiaWalletSdk.IFoliageTransactionBlock.GetTimestamp*
- uid: ChiaWalletSdk.IFoliageTransactionBlock.GetTransactionsInfoHash
  commentId: M:ChiaWalletSdk.IFoliageTransactionBlock.GetTransactionsInfoHash
  id: GetTransactionsInfoHash
  parent: ChiaWalletSdk.IFoliageTransactionBlock
  langs:
  - csharp
  - vb
  name: GetTransactionsInfoHash()
  nameWithType: IFoliageTransactionBlock.GetTransactionsInfoHash()
  fullName: ChiaWalletSdk.IFoliageTransactionBlock.GetTransactionsInfoHash()
  type: Method
  assemblies:
  - ChiaWalletSdk
  namespace: ChiaWalletSdk
  syntax:
    content: byte[] GetTransactionsInfoHash()
    return:
      type: System.Byte[]
    content.vb: Function GetTransactionsInfoHash() As Byte()
  overload: ChiaWalletSdk.IFoliageTransactionBlock.GetTransactionsInfoHash*
- uid: ChiaWalletSdk.IFoliageTransactionBlock.SetAdditionsRoot(System.Byte[])
  commentId: M:ChiaWalletSdk.IFoliageTransactionBlock.SetAdditionsRoot(System.Byte[])
  id: SetAdditionsRoot(System.Byte[])
  parent: ChiaWalletSdk.IFoliageTransactionBlock
  langs:
  - csharp
  - vb
  name: SetAdditionsRoot(byte[])
  nameWithType: IFoliageTransactionBlock.SetAdditionsRoot(byte[])
  fullName: ChiaWalletSdk.IFoliageTransactionBlock.SetAdditionsRoot(byte[])
  type: Method
  assemblies:
  - ChiaWalletSdk
  namespace: ChiaWalletSdk
  syntax:
    content: FoliageTransactionBlock SetAdditionsRoot(byte[] value)
    parameters:
    - id: value
      type: System.Byte[]
    return:
      type: ChiaWalletSdk.FoliageTransactionBlock
    content.vb: Function SetAdditionsRoot(value As Byte()) As FoliageTransactionBlock
  overload: ChiaWalletSdk.IFoliageTransactionBlock.SetAdditionsRoot*
  nameWithType.vb: IFoliageTransactionBlock.SetAdditionsRoot(Byte())
  fullName.vb: ChiaWalletSdk.IFoliageTransactionBlock.SetAdditionsRoot(Byte())
  name.vb: SetAdditionsRoot(Byte())
- uid: ChiaWalletSdk.IFoliageTransactionBlock.SetFilterHash(System.Byte[])
  commentId: M:ChiaWalletSdk.IFoliageTransactionBlock.SetFilterHash(System.Byte[])
  id: SetFilterHash(System.Byte[])
  parent: ChiaWalletSdk.IFoliageTransactionBlock
  langs:
  - csharp
  - vb
  name: SetFilterHash(byte[])
  nameWithType: IFoliageTransactionBlock.SetFilterHash(byte[])
  fullName: ChiaWalletSdk.IFoliageTransactionBlock.SetFilterHash(byte[])
  type: Method
  assemblies:
  - ChiaWalletSdk
  namespace: ChiaWalletSdk
  syntax:
    content: FoliageTransactionBlock SetFilterHash(byte[] value)
    parameters:
    - id: value
      type: System.Byte[]
    return:
      type: ChiaWalletSdk.FoliageTransactionBlock
    content.vb: Function SetFilterHash(value As Byte()) As FoliageTransactionBlock
  overload: ChiaWalletSdk.IFoliageTransactionBlock.SetFilterHash*
  nameWithType.vb: IFoliageTransactionBlock.SetFilterHash(Byte())
  fullName.vb: ChiaWalletSdk.IFoliageTransactionBlock.SetFilterHash(Byte())
  name.vb: SetFilterHash(Byte())
- uid: ChiaWalletSdk.IFoliageTransactionBlock.SetPrevTransactionBlockHash(System.Byte[])
  commentId: M:ChiaWalletSdk.IFoliageTransactionBlock.SetPrevTransactionBlockHash(System.Byte[])
  id: SetPrevTransactionBlockHash(System.Byte[])
  parent: ChiaWalletSdk.IFoliageTransactionBlock
  langs:
  - csharp
  - vb
  name: SetPrevTransactionBlockHash(byte[])
  nameWithType: IFoliageTransactionBlock.SetPrevTransactionBlockHash(byte[])
  fullName: ChiaWalletSdk.IFoliageTransactionBlock.SetPrevTransactionBlockHash(byte[])
  type: Method
  assemblies:
  - ChiaWalletSdk
  namespace: ChiaWalletSdk
  syntax:
    content: FoliageTransactionBlock SetPrevTransactionBlockHash(byte[] value)
    parameters:
    - id: value
      type: System.Byte[]
    return:
      type: ChiaWalletSdk.FoliageTransactionBlock
    content.vb: Function SetPrevTransactionBlockHash(value As Byte()) As FoliageTransactionBlock
  overload: ChiaWalletSdk.IFoliageTransactionBlock.SetPrevTransactionBlockHash*
  nameWithType.vb: IFoliageTransactionBlock.SetPrevTransactionBlockHash(Byte())
  fullName.vb: ChiaWalletSdk.IFoliageTransactionBlock.SetPrevTransactionBlockHash(Byte())
  name.vb: SetPrevTransactionBlockHash(Byte())
- uid: ChiaWalletSdk.IFoliageTransactionBlock.SetRemovalsRoot(System.Byte[])
  commentId: M:ChiaWalletSdk.IFoliageTransactionBlock.SetRemovalsRoot(System.Byte[])
  id: SetRemovalsRoot(System.Byte[])
  parent: ChiaWalletSdk.IFoliageTransactionBlock
  langs:
  - csharp
  - vb
  name: SetRemovalsRoot(byte[])
  nameWithType: IFoliageTransactionBlock.SetRemovalsRoot(byte[])
  fullName: ChiaWalletSdk.IFoliageTransactionBlock.SetRemovalsRoot(byte[])
  type: Method
  assemblies:
  - ChiaWalletSdk
  namespace: ChiaWalletSdk
  syntax:
    content: FoliageTransactionBlock SetRemovalsRoot(byte[] value)
    parameters:
    - id: value
      type: System.Byte[]
    return:
      type: ChiaWalletSdk.FoliageTransactionBlock
    content.vb: Function SetRemovalsRoot(value As Byte()) As FoliageTransactionBlock
  overload: ChiaWalletSdk.IFoliageTransactionBlock.SetRemovalsRoot*
  nameWithType.vb: IFoliageTransactionBlock.SetRemovalsRoot(Byte())
  fullName.vb: ChiaWalletSdk.IFoliageTransactionBlock.SetRemovalsRoot(Byte())
  name.vb: SetRemovalsRoot(Byte())
- uid: ChiaWalletSdk.IFoliageTransactionBlock.SetTimestamp(System.String)
  commentId: M:ChiaWalletSdk.IFoliageTransactionBlock.SetTimestamp(System.String)
  id: SetTimestamp(System.String)
  parent: ChiaWalletSdk.IFoliageTransactionBlock
  langs:
  - csharp
  - vb
  name: SetTimestamp(string)
  nameWithType: IFoliageTransactionBlock.SetTimestamp(string)
  fullName: ChiaWalletSdk.IFoliageTransactionBlock.SetTimestamp(string)
  type: Method
  assemblies:
  - ChiaWalletSdk
  namespace: ChiaWalletSdk
  syntax:
    content: FoliageTransactionBlock SetTimestamp(string value)
    parameters:
    - id: value
      type: System.String
    return:
      type: ChiaWalletSdk.FoliageTransactionBlock
    content.vb: Function SetTimestamp(value As String) As FoliageTransactionBlock
  overload: ChiaWalletSdk.IFoliageTransactionBlock.SetTimestamp*
  nameWithType.vb: IFoliageTransactionBlock.SetTimestamp(String)
  fullName.vb: ChiaWalletSdk.IFoliageTransactionBlock.SetTimestamp(String)
  name.vb: SetTimestamp(String)
- uid: ChiaWalletSdk.IFoliageTransactionBlock.SetTransactionsInfoHash(System.Byte[])
  commentId: M:ChiaWalletSdk.IFoliageTransactionBlock.SetTransactionsInfoHash(System.Byte[])
  id: SetTransactionsInfoHash(System.Byte[])
  parent: ChiaWalletSdk.IFoliageTransactionBlock
  langs:
  - csharp
  - vb
  name: SetTransactionsInfoHash(byte[])
  nameWithType: IFoliageTransactionBlock.SetTransactionsInfoHash(byte[])
  fullName: ChiaWalletSdk.IFoliageTransactionBlock.SetTransactionsInfoHash(byte[])
  type: Method
  assemblies:
  - ChiaWalletSdk
  namespace: ChiaWalletSdk
  syntax:
    content: FoliageTransactionBlock SetTransactionsInfoHash(byte[] value)
    parameters:
    - id: value
      type: System.Byte[]
    return:
      type: ChiaWalletSdk.FoliageTransactionBlock
    content.vb: Function SetTransactionsInfoHash(value As Byte()) As FoliageTransactionBlock
  overload: ChiaWalletSdk.IFoliageTransactionBlock.SetTransactionsInfoHash*
  nameWithType.vb: IFoliageTransactionBlock.SetTransactionsInfoHash(Byte())
  fullName.vb: ChiaWalletSdk.IFoliageTransactionBlock.SetTransactionsInfoHash(Byte())
  name.vb: SetTransactionsInfoHash(Byte())
references:
- uid: ChiaWalletSdk
  commentId: N:ChiaWalletSdk
  isExternal: true
  href: ChiaWalletSdk.html
  name: ChiaWalletSdk
  nameWithType: ChiaWalletSdk
  fullName: ChiaWalletSdk
- uid: ChiaWalletSdk.IFoliageTransactionBlock.GetAdditionsRoot*
  commentId: Overload:ChiaWalletSdk.IFoliageTransactionBlock.GetAdditionsRoot
  isExternal: true
  href: ChiaWalletSdk.IFoliageTransactionBlock.html#ChiaWalletSdk_IFoliageTransactionBlock_GetAdditionsRoot
  name: GetAdditionsRoot
  nameWithType: IFoliageTransactionBlock.GetAdditionsRoot
  fullName: ChiaWalletSdk.IFoliageTransactionBlock.GetAdditionsRoot
- uid: System.Byte[]
  isExternal: true
  name: byte[]
  nameWithType: byte[]
  fullName: byte[]
  nameWithType.vb: Byte()
  fullName.vb: Byte()
  name.vb: Byte()
  spec.csharp:
  - uid: System.Byte
    name: byte
    isExternal: true
  - name: '['
  - name: ']'
  spec.vb:
  - uid: System.Byte
    name: Byte
    isExternal: true
  - name: (
  - name: )
- uid: ChiaWalletSdk.IFoliageTransactionBlock.GetFilterHash*
  commentId: Overload:ChiaWalletSdk.IFoliageTransactionBlock.GetFilterHash
  isExternal: true
  href: ChiaWalletSdk.IFoliageTransactionBlock.html#ChiaWalletSdk_IFoliageTransactionBlock_GetFilterHash
  name: GetFilterHash
  nameWithType: IFoliageTransactionBlock.GetFilterHash
  fullName: ChiaWalletSdk.IFoliageTransactionBlock.GetFilterHash
- uid: ChiaWalletSdk.IFoliageTransactionBlock.GetPrevTransactionBlockHash*
  commentId: Overload:ChiaWalletSdk.IFoliageTransactionBlock.GetPrevTransactionBlockHash
  isExternal: true
  href: ChiaWalletSdk.IFoliageTransactionBlock.html#ChiaWalletSdk_IFoliageTransactionBlock_GetPrevTransactionBlockHash
  name: GetPrevTransactionBlockHash
  nameWithType: IFoliageTransactionBlock.GetPrevTransactionBlockHash
  fullName: ChiaWalletSdk.IFoliageTransactionBlock.GetPrevTransactionBlockHash
- uid: ChiaWalletSdk.IFoliageTransactionBlock.GetRemovalsRoot*
  commentId: Overload:ChiaWalletSdk.IFoliageTransactionBlock.GetRemovalsRoot
  isExternal: true
  href: ChiaWalletSdk.IFoliageTransactionBlock.html#ChiaWalletSdk_IFoliageTransactionBlock_GetRemovalsRoot
  name: GetRemovalsRoot
  nameWithType: IFoliageTransactionBlock.GetRemovalsRoot
  fullName: ChiaWalletSdk.IFoliageTransactionBlock.GetRemovalsRoot
- uid: ChiaWalletSdk.IFoliageTransactionBlock.GetTimestamp*
  commentId: Overload:ChiaWalletSdk.IFoliageTransactionBlock.GetTimestamp
  isExternal: true
  href: ChiaWalletSdk.IFoliageTransactionBlock.html#ChiaWalletSdk_IFoliageTransactionBlock_GetTimestamp
  name: GetTimestamp
  nameWithType: IFoliageTransactionBlock.GetTimestamp
  fullName: ChiaWalletSdk.IFoliageTransactionBlock.GetTimestamp
- uid: System.String
  commentId: T:System.String
  parent: System
  isExternal: true
  name: string
  nameWithType: string
  fullName: string
  nameWithType.vb: String
  fullName.vb: String
  name.vb: String
- uid: System
  commentId: N:System
  isExternal: true
  href: https://learn.microsoft.com/dotnet/api/system
  name: System
  nameWithType: System
  fullName: System
- uid: ChiaWalletSdk.IFoliageTransactionBlock.GetTransactionsInfoHash*
  commentId: Overload:ChiaWalletSdk.IFoliageTransactionBlock.GetTransactionsInfoHash
  isExternal: true
  href: ChiaWalletSdk.IFoliageTransactionBlock.html#ChiaWalletSdk_IFoliageTransactionBlock_GetTransactionsInfoHash
  name: GetTransactionsInfoHash
  nameWithType: IFoliageTransactionBlock.GetTransactionsInfoHash
  fullName: ChiaWalletSdk.IFoliageTransactionBlock.GetTransactionsInfoHash
- uid: ChiaWalletSdk.IFoliageTransactionBlock.SetAdditionsRoot*
  commentId: Overload:ChiaWalletSdk.IFoliageTransactionBlock.SetAdditionsRoot
  isExternal: true
  href: ChiaWalletSdk.IFoliageTransactionBlock.html#ChiaWalletSdk_IFoliageTransactionBlock_SetAdditionsRoot_System_Byte___
  name: SetAdditionsRoot
  nameWithType: IFoliageTransactionBlock.SetAdditionsRoot
  fullName: ChiaWalletSdk.IFoliageTransactionBlock.SetAdditionsRoot
- uid: ChiaWalletSdk.FoliageTransactionBlock
  commentId: T:ChiaWalletSdk.FoliageTransactionBlock
  parent: ChiaWalletSdk
  isExternal: true
  href: ChiaWalletSdk.FoliageTransactionBlock.html
  name: FoliageTransactionBlock
  nameWithType: FoliageTransactionBlock
  fullName: ChiaWalletSdk.FoliageTransactionBlock
- uid: ChiaWalletSdk.IFoliageTransactionBlock.SetFilterHash*
  commentId: Overload:ChiaWalletSdk.IFoliageTransactionBlock.SetFilterHash
  isExternal: true
  href: ChiaWalletSdk.IFoliageTransactionBlock.html#ChiaWalletSdk_IFoliageTransactionBlock_SetFilterHash_System_Byte___
  name: SetFilterHash
  nameWithType: IFoliageTransactionBlock.SetFilterHash
  fullName: ChiaWalletSdk.IFoliageTransactionBlock.SetFilterHash
- uid: ChiaWalletSdk.IFoliageTransactionBlock.SetPrevTransactionBlockHash*
  commentId: Overload:ChiaWalletSdk.IFoliageTransactionBlock.SetPrevTransactionBlockHash
  isExternal: true
  href: ChiaWalletSdk.IFoliageTransactionBlock.html#ChiaWalletSdk_IFoliageTransactionBlock_SetPrevTransactionBlockHash_System_Byte___
  name: SetPrevTransactionBlockHash
  nameWithType: IFoliageTransactionBlock.SetPrevTransactionBlockHash
  fullName: ChiaWalletSdk.IFoliageTransactionBlock.SetPrevTransactionBlockHash
- uid: ChiaWalletSdk.IFoliageTransactionBlock.SetRemovalsRoot*
  commentId: Overload:ChiaWalletSdk.IFoliageTransactionBlock.SetRemovalsRoot
  isExternal: true
  href: ChiaWalletSdk.IFoliageTransactionBlock.html#ChiaWalletSdk_IFoliageTransactionBlock_SetRemovalsRoot_System_Byte___
  name: SetRemovalsRoot
  nameWithType: IFoliageTransactionBlock.SetRemovalsRoot
  fullName: ChiaWalletSdk.IFoliageTransactionBlock.SetRemovalsRoot
- uid: ChiaWalletSdk.IFoliageTransactionBlock.SetTimestamp*
  commentId: Overload:ChiaWalletSdk.IFoliageTransactionBlock.SetTimestamp
  isExternal: true
  href: ChiaWalletSdk.IFoliageTransactionBlock.html#ChiaWalletSdk_IFoliageTransactionBlock_SetTimestamp_System_String_
  name: SetTimestamp
  nameWithType: IFoliageTransactionBlock.SetTimestamp
  fullName: ChiaWalletSdk.IFoliageTransactionBlock.SetTimestamp
- uid: ChiaWalletSdk.IFoliageTransactionBlock.SetTransactionsInfoHash*
  commentId: Overload:ChiaWalletSdk.IFoliageTransactionBlock.SetTransactionsInfoHash
  isExternal: true
  href: ChiaWalletSdk.IFoliageTransactionBlock.html#ChiaWalletSdk_IFoliageTransactionBlock_SetTransactionsInfoHash_System_Byte___
  name: SetTransactionsInfoHash
  nameWithType: IFoliageTransactionBlock.SetTransactionsInfoHash
  fullName: ChiaWalletSdk.IFoliageTransactionBlock.SetTransactionsInfoHash
