### YamlMime:ManagedReference
items:
- uid: ChiaWalletSdk.FoliageTransactionBlock
  commentId: T:ChiaWalletSdk.FoliageTransactionBlock
  id: FoliageTransactionBlock
  parent: ChiaWalletSdk
  children:
  - ChiaWalletSdk.FoliageTransactionBlock.#ctor(System.Byte[],System.String,System.Byte[],System.Byte[],System.Byte[],System.Byte[])
  - ChiaWalletSdk.FoliageTransactionBlock.#ctor(System.IntPtr)
  - ChiaWalletSdk.FoliageTransactionBlock.CloneRustArcPtr
  - ChiaWalletSdk.FoliageTransactionBlock.Destroy
  - ChiaWalletSdk.FoliageTransactionBlock.Dispose
  - ChiaWalletSdk.FoliageTransactionBlock.Finalize
  - ChiaWalletSdk.FoliageTransactionBlock.FreeRustArcPtr
  - ChiaWalletSdk.FoliageTransactionBlock.GetAdditionsRoot
  - ChiaWalletSdk.FoliageTransactionBlock.GetFilterHash
  - ChiaWalletSdk.FoliageTransactionBlock.GetPrevTransactionBlockHash
  - ChiaWalletSdk.FoliageTransactionBlock.GetRemovalsRoot
  - ChiaWalletSdk.FoliageTransactionBlock.GetTimestamp
  - ChiaWalletSdk.FoliageTransactionBlock.GetTransactionsInfoHash
  - ChiaWalletSdk.FoliageTransactionBlock.SetAdditionsRoot(System.Byte[])
  - ChiaWalletSdk.FoliageTransactionBlock.SetFilterHash(System.Byte[])
  - ChiaWalletSdk.FoliageTransactionBlock.SetPrevTransactionBlockHash(System.Byte[])
  - ChiaWalletSdk.FoliageTransactionBlock.SetRemovalsRoot(System.Byte[])
  - ChiaWalletSdk.FoliageTransactionBlock.SetTimestamp(System.String)
  - ChiaWalletSdk.FoliageTransactionBlock.SetTransactionsInfoHash(System.Byte[])
  - ChiaWalletSdk.FoliageTransactionBlock.pointer
  langs:
  - csharp
  - vb
  name: FoliageTransactionBlock
  nameWithType: FoliageTransactionBlock
  fullName: ChiaWalletSdk.FoliageTransactionBlock
  type: Class
  assemblies:
  - ChiaWalletSdk
  namespace: ChiaWalletSdk
  syntax:
    content: 'public class FoliageTransactionBlock : IFoliageTransactionBlock'
    content.vb: Public Class FoliageTransactionBlock Implements IFoliageTransactionBlock
  inheritance:
  - System.Object
  implements:
  - ChiaWalletSdk.IFoliageTransactionBlock
- uid: ChiaWalletSdk.FoliageTransactionBlock.pointer
  commentId: F:ChiaWalletSdk.FoliageTransactionBlock.pointer
  id: pointer
  parent: ChiaWalletSdk.FoliageTransactionBlock
  langs:
  - csharp
  - vb
  name: pointer
  nameWithType: FoliageTransactionBlock.pointer
  fullName: ChiaWalletSdk.FoliageTransactionBlock.pointer
  type: Field
  assemblies:
  - ChiaWalletSdk
  namespace: ChiaWalletSdk
  syntax:
    content: protected nint pointer
    return:
      type: System.IntPtr
    content.vb: Protected pointer As IntPtr
- uid: ChiaWalletSdk.FoliageTransactionBlock.#ctor(System.IntPtr)
  commentId: M:ChiaWalletSdk.FoliageTransactionBlock.#ctor(System.IntPtr)
  id: '#ctor(System.IntPtr)'
  parent: ChiaWalletSdk.FoliageTransactionBlock
  langs:
  - csharp
  - vb
  name: FoliageTransactionBlock(nint)
  nameWithType: FoliageTransactionBlock.FoliageTransactionBlock(nint)
  fullName: ChiaWalletSdk.FoliageTransactionBlock.FoliageTransactionBlock(nint)
  type: Constructor
  assemblies:
  - ChiaWalletSdk
  namespace: ChiaWalletSdk
  syntax:
    content: public FoliageTransactionBlock(nint pointer)
    parameters:
    - id: pointer
      type: System.IntPtr
    content.vb: Public Sub New(pointer As IntPtr)
  overload: ChiaWalletSdk.FoliageTransactionBlock.#ctor*
  nameWithType.vb: FoliageTransactionBlock.New(IntPtr)
  fullName.vb: ChiaWalletSdk.FoliageTransactionBlock.New(System.IntPtr)
  name.vb: New(IntPtr)
- uid: ChiaWalletSdk.FoliageTransactionBlock.Finalize
  commentId: M:ChiaWalletSdk.FoliageTransactionBlock.Finalize
  id: Finalize
  parent: ChiaWalletSdk.FoliageTransactionBlock
  langs:
  - csharp
  - vb
  name: ~FoliageTransactionBlock()
  nameWithType: FoliageTransactionBlock.~FoliageTransactionBlock()
  fullName: ChiaWalletSdk.FoliageTransactionBlock.~FoliageTransactionBlock()
  type: Method
  assemblies:
  - ChiaWalletSdk
  namespace: ChiaWalletSdk
  syntax:
    content: protected ~FoliageTransactionBlock()
    content.vb: 'Protected '
  overload: ChiaWalletSdk.FoliageTransactionBlock.Finalize*
  nameWithType.vb: ''
  fullName.vb: ''
  name.vb: ''
- uid: ChiaWalletSdk.FoliageTransactionBlock.#ctor(System.Byte[],System.String,System.Byte[],System.Byte[],System.Byte[],System.Byte[])
  commentId: M:ChiaWalletSdk.FoliageTransactionBlock.#ctor(System.Byte[],System.String,System.Byte[],System.Byte[],System.Byte[],System.Byte[])
  id: '#ctor(System.Byte[],System.String,System.Byte[],System.Byte[],System.Byte[],System.Byte[])'
  parent: ChiaWalletSdk.FoliageTransactionBlock
  langs:
  - csharp
  - vb
  name: FoliageTransactionBlock(byte[], string, byte[], byte[], byte[], byte[])
  nameWithType: FoliageTransactionBlock.FoliageTransactionBlock(byte[], string, byte[], byte[], byte[], byte[])
  fullName: ChiaWalletSdk.FoliageTransactionBlock.FoliageTransactionBlock(byte[], string, byte[], byte[], byte[], byte[])
  type: Constructor
  assemblies:
  - ChiaWalletSdk
  namespace: ChiaWalletSdk
  syntax:
    content: public FoliageTransactionBlock(byte[] prevTransactionBlockHash, string timestamp, byte[] filterHash, byte[] additionsRoot, byte[] removalsRoot, byte[] transactionsInfoHash)
    parameters:
    - id: prevTransactionBlockHash
      type: System.Byte[]
    - id: timestamp
      type: System.String
    - id: filterHash
      type: System.Byte[]
    - id: additionsRoot
      type: System.Byte[]
    - id: removalsRoot
      type: System.Byte[]
    - id: transactionsInfoHash
      type: System.Byte[]
    content.vb: Public Sub New(prevTransactionBlockHash As Byte(), timestamp As String, filterHash As Byte(), additionsRoot As Byte(), removalsRoot As Byte(), transactionsInfoHash As Byte())
  overload: ChiaWalletSdk.FoliageTransactionBlock.#ctor*
  nameWithType.vb: FoliageTransactionBlock.New(Byte(), String, Byte(), Byte(), Byte(), Byte())
  fullName.vb: ChiaWalletSdk.FoliageTransactionBlock.New(Byte(), String, Byte(), Byte(), Byte(), Byte())
  name.vb: New(Byte(), String, Byte(), Byte(), Byte(), Byte())
- uid: ChiaWalletSdk.FoliageTransactionBlock.FreeRustArcPtr
  commentId: M:ChiaWalletSdk.FoliageTransactionBlock.FreeRustArcPtr
  id: FreeRustArcPtr
  parent: ChiaWalletSdk.FoliageTransactionBlock
  langs:
  - csharp
  - vb
  name: FreeRustArcPtr()
  nameWithType: FoliageTransactionBlock.FreeRustArcPtr()
  fullName: ChiaWalletSdk.FoliageTransactionBlock.FreeRustArcPtr()
  type: Method
  assemblies:
  - ChiaWalletSdk
  namespace: ChiaWalletSdk
  syntax:
    content: protected void FreeRustArcPtr()
    content.vb: Protected Sub FreeRustArcPtr()
  overload: ChiaWalletSdk.FoliageTransactionBlock.FreeRustArcPtr*
- uid: ChiaWalletSdk.FoliageTransactionBlock.CloneRustArcPtr
  commentId: M:ChiaWalletSdk.FoliageTransactionBlock.CloneRustArcPtr
  id: CloneRustArcPtr
  parent: ChiaWalletSdk.FoliageTransactionBlock
  langs:
  - csharp
  - vb
  name: CloneRustArcPtr()
  nameWithType: FoliageTransactionBlock.CloneRustArcPtr()
  fullName: ChiaWalletSdk.FoliageTransactionBlock.CloneRustArcPtr()
  type: Method
  assemblies:
  - ChiaWalletSdk
  namespace: ChiaWalletSdk
  syntax:
    content: protected nint CloneRustArcPtr()
    return:
      type: System.IntPtr
    content.vb: Protected Function CloneRustArcPtr() As IntPtr
  overload: ChiaWalletSdk.FoliageTransactionBlock.CloneRustArcPtr*
- uid: ChiaWalletSdk.FoliageTransactionBlock.Destroy
  commentId: M:ChiaWalletSdk.FoliageTransactionBlock.Destroy
  id: Destroy
  parent: ChiaWalletSdk.FoliageTransactionBlock
  langs:
  - csharp
  - vb
  name: Destroy()
  nameWithType: FoliageTransactionBlock.Destroy()
  fullName: ChiaWalletSdk.FoliageTransactionBlock.Destroy()
  type: Method
  assemblies:
  - ChiaWalletSdk
  namespace: ChiaWalletSdk
  syntax:
    content: public void Destroy()
    content.vb: Public Sub Destroy()
  overload: ChiaWalletSdk.FoliageTransactionBlock.Destroy*
- uid: ChiaWalletSdk.FoliageTransactionBlock.Dispose
  commentId: M:ChiaWalletSdk.FoliageTransactionBlock.Dispose
  id: Dispose
  parent: ChiaWalletSdk.FoliageTransactionBlock
  langs:
  - csharp
  - vb
  name: Dispose()
  nameWithType: FoliageTransactionBlock.Dispose()
  fullName: ChiaWalletSdk.FoliageTransactionBlock.Dispose()
  type: Method
  assemblies:
  - ChiaWalletSdk
  namespace: ChiaWalletSdk
  example: []
  syntax:
    content: public void Dispose()
    content.vb: Public Sub Dispose()
  overload: ChiaWalletSdk.FoliageTransactionBlock.Dispose*
- uid: ChiaWalletSdk.FoliageTransactionBlock.GetAdditionsRoot
  commentId: M:ChiaWalletSdk.FoliageTransactionBlock.GetAdditionsRoot
  id: GetAdditionsRoot
  parent: ChiaWalletSdk.FoliageTransactionBlock
  langs:
  - csharp
  - vb
  name: GetAdditionsRoot()
  nameWithType: FoliageTransactionBlock.GetAdditionsRoot()
  fullName: ChiaWalletSdk.FoliageTransactionBlock.GetAdditionsRoot()
  type: Method
  assemblies:
  - ChiaWalletSdk
  namespace: ChiaWalletSdk
  example: []
  syntax:
    content: public byte[] GetAdditionsRoot()
    return:
      type: System.Byte[]
    content.vb: Public Function GetAdditionsRoot() As Byte()
  overload: ChiaWalletSdk.FoliageTransactionBlock.GetAdditionsRoot*
  implements:
  - ChiaWalletSdk.IFoliageTransactionBlock.GetAdditionsRoot
- uid: ChiaWalletSdk.FoliageTransactionBlock.GetFilterHash
  commentId: M:ChiaWalletSdk.FoliageTransactionBlock.GetFilterHash
  id: GetFilterHash
  parent: ChiaWalletSdk.FoliageTransactionBlock
  langs:
  - csharp
  - vb
  name: GetFilterHash()
  nameWithType: FoliageTransactionBlock.GetFilterHash()
  fullName: ChiaWalletSdk.FoliageTransactionBlock.GetFilterHash()
  type: Method
  assemblies:
  - ChiaWalletSdk
  namespace: ChiaWalletSdk
  example: []
  syntax:
    content: public byte[] GetFilterHash()
    return:
      type: System.Byte[]
    content.vb: Public Function GetFilterHash() As Byte()
  overload: ChiaWalletSdk.FoliageTransactionBlock.GetFilterHash*
  implements:
  - ChiaWalletSdk.IFoliageTransactionBlock.GetFilterHash
- uid: ChiaWalletSdk.FoliageTransactionBlock.GetPrevTransactionBlockHash
  commentId: M:ChiaWalletSdk.FoliageTransactionBlock.GetPrevTransactionBlockHash
  id: GetPrevTransactionBlockHash
  parent: ChiaWalletSdk.FoliageTransactionBlock
  langs:
  - csharp
  - vb
  name: GetPrevTransactionBlockHash()
  nameWithType: FoliageTransactionBlock.GetPrevTransactionBlockHash()
  fullName: ChiaWalletSdk.FoliageTransactionBlock.GetPrevTransactionBlockHash()
  type: Method
  assemblies:
  - ChiaWalletSdk
  namespace: ChiaWalletSdk
  example: []
  syntax:
    content: public byte[] GetPrevTransactionBlockHash()
    return:
      type: System.Byte[]
    content.vb: Public Function GetPrevTransactionBlockHash() As Byte()
  overload: ChiaWalletSdk.FoliageTransactionBlock.GetPrevTransactionBlockHash*
  implements:
  - ChiaWalletSdk.IFoliageTransactionBlock.GetPrevTransactionBlockHash
- uid: ChiaWalletSdk.FoliageTransactionBlock.GetRemovalsRoot
  commentId: M:ChiaWalletSdk.FoliageTransactionBlock.GetRemovalsRoot
  id: GetRemovalsRoot
  parent: ChiaWalletSdk.FoliageTransactionBlock
  langs:
  - csharp
  - vb
  name: GetRemovalsRoot()
  nameWithType: FoliageTransactionBlock.GetRemovalsRoot()
  fullName: ChiaWalletSdk.FoliageTransactionBlock.GetRemovalsRoot()
  type: Method
  assemblies:
  - ChiaWalletSdk
  namespace: ChiaWalletSdk
  example: []
  syntax:
    content: public byte[] GetRemovalsRoot()
    return:
      type: System.Byte[]
    content.vb: Public Function GetRemovalsRoot() As Byte()
  overload: ChiaWalletSdk.FoliageTransactionBlock.GetRemovalsRoot*
  implements:
  - ChiaWalletSdk.IFoliageTransactionBlock.GetRemovalsRoot
- uid: ChiaWalletSdk.FoliageTransactionBlock.GetTimestamp
  commentId: M:ChiaWalletSdk.FoliageTransactionBlock.GetTimestamp
  id: GetTimestamp
  parent: ChiaWalletSdk.FoliageTransactionBlock
  langs:
  - csharp
  - vb
  name: GetTimestamp()
  nameWithType: FoliageTransactionBlock.GetTimestamp()
  fullName: ChiaWalletSdk.FoliageTransactionBlock.GetTimestamp()
  type: Method
  assemblies:
  - ChiaWalletSdk
  namespace: ChiaWalletSdk
  example: []
  syntax:
    content: public string GetTimestamp()
    return:
      type: System.String
    content.vb: Public Function GetTimestamp() As String
  overload: ChiaWalletSdk.FoliageTransactionBlock.GetTimestamp*
  implements:
  - ChiaWalletSdk.IFoliageTransactionBlock.GetTimestamp
- uid: ChiaWalletSdk.FoliageTransactionBlock.GetTransactionsInfoHash
  commentId: M:ChiaWalletSdk.FoliageTransactionBlock.GetTransactionsInfoHash
  id: GetTransactionsInfoHash
  parent: ChiaWalletSdk.FoliageTransactionBlock
  langs:
  - csharp
  - vb
  name: GetTransactionsInfoHash()
  nameWithType: FoliageTransactionBlock.GetTransactionsInfoHash()
  fullName: ChiaWalletSdk.FoliageTransactionBlock.GetTransactionsInfoHash()
  type: Method
  assemblies:
  - ChiaWalletSdk
  namespace: ChiaWalletSdk
  example: []
  syntax:
    content: public byte[] GetTransactionsInfoHash()
    return:
      type: System.Byte[]
    content.vb: Public Function GetTransactionsInfoHash() As Byte()
  overload: ChiaWalletSdk.FoliageTransactionBlock.GetTransactionsInfoHash*
  implements:
  - ChiaWalletSdk.IFoliageTransactionBlock.GetTransactionsInfoHash
- uid: ChiaWalletSdk.FoliageTransactionBlock.SetAdditionsRoot(System.Byte[])
  commentId: M:ChiaWalletSdk.FoliageTransactionBlock.SetAdditionsRoot(System.Byte[])
  id: SetAdditionsRoot(System.Byte[])
  parent: ChiaWalletSdk.FoliageTransactionBlock
  langs:
  - csharp
  - vb
  name: SetAdditionsRoot(byte[])
  nameWithType: FoliageTransactionBlock.SetAdditionsRoot(byte[])
  fullName: ChiaWalletSdk.FoliageTransactionBlock.SetAdditionsRoot(byte[])
  type: Method
  assemblies:
  - ChiaWalletSdk
  namespace: ChiaWalletSdk
  example: []
  syntax:
    content: public FoliageTransactionBlock SetAdditionsRoot(byte[] value)
    parameters:
    - id: value
      type: System.Byte[]
    return:
      type: ChiaWalletSdk.FoliageTransactionBlock
    content.vb: Public Function SetAdditionsRoot(value As Byte()) As FoliageTransactionBlock
  overload: ChiaWalletSdk.FoliageTransactionBlock.SetAdditionsRoot*
  implements:
  - ChiaWalletSdk.IFoliageTransactionBlock.SetAdditionsRoot(System.Byte[])
  nameWithType.vb: FoliageTransactionBlock.SetAdditionsRoot(Byte())
  fullName.vb: ChiaWalletSdk.FoliageTransactionBlock.SetAdditionsRoot(Byte())
  name.vb: SetAdditionsRoot(Byte())
- uid: ChiaWalletSdk.FoliageTransactionBlock.SetFilterHash(System.Byte[])
  commentId: M:ChiaWalletSdk.FoliageTransactionBlock.SetFilterHash(System.Byte[])
  id: SetFilterHash(System.Byte[])
  parent: ChiaWalletSdk.FoliageTransactionBlock
  langs:
  - csharp
  - vb
  name: SetFilterHash(byte[])
  nameWithType: FoliageTransactionBlock.SetFilterHash(byte[])
  fullName: ChiaWalletSdk.FoliageTransactionBlock.SetFilterHash(byte[])
  type: Method
  assemblies:
  - ChiaWalletSdk
  namespace: ChiaWalletSdk
  example: []
  syntax:
    content: public FoliageTransactionBlock SetFilterHash(byte[] value)
    parameters:
    - id: value
      type: System.Byte[]
    return:
      type: ChiaWalletSdk.FoliageTransactionBlock
    content.vb: Public Function SetFilterHash(value As Byte()) As FoliageTransactionBlock
  overload: ChiaWalletSdk.FoliageTransactionBlock.SetFilterHash*
  implements:
  - ChiaWalletSdk.IFoliageTransactionBlock.SetFilterHash(System.Byte[])
  nameWithType.vb: FoliageTransactionBlock.SetFilterHash(Byte())
  fullName.vb: ChiaWalletSdk.FoliageTransactionBlock.SetFilterHash(Byte())
  name.vb: SetFilterHash(Byte())
- uid: ChiaWalletSdk.FoliageTransactionBlock.SetPrevTransactionBlockHash(System.Byte[])
  commentId: M:ChiaWalletSdk.FoliageTransactionBlock.SetPrevTransactionBlockHash(System.Byte[])
  id: SetPrevTransactionBlockHash(System.Byte[])
  parent: ChiaWalletSdk.FoliageTransactionBlock
  langs:
  - csharp
  - vb
  name: SetPrevTransactionBlockHash(byte[])
  nameWithType: FoliageTransactionBlock.SetPrevTransactionBlockHash(byte[])
  fullName: ChiaWalletSdk.FoliageTransactionBlock.SetPrevTransactionBlockHash(byte[])
  type: Method
  assemblies:
  - ChiaWalletSdk
  namespace: ChiaWalletSdk
  example: []
  syntax:
    content: public FoliageTransactionBlock SetPrevTransactionBlockHash(byte[] value)
    parameters:
    - id: value
      type: System.Byte[]
    return:
      type: ChiaWalletSdk.FoliageTransactionBlock
    content.vb: Public Function SetPrevTransactionBlockHash(value As Byte()) As FoliageTransactionBlock
  overload: ChiaWalletSdk.FoliageTransactionBlock.SetPrevTransactionBlockHash*
  implements:
  - ChiaWalletSdk.IFoliageTransactionBlock.SetPrevTransactionBlockHash(System.Byte[])
  nameWithType.vb: FoliageTransactionBlock.SetPrevTransactionBlockHash(Byte())
  fullName.vb: ChiaWalletSdk.FoliageTransactionBlock.SetPrevTransactionBlockHash(Byte())
  name.vb: SetPrevTransactionBlockHash(Byte())
- uid: ChiaWalletSdk.FoliageTransactionBlock.SetRemovalsRoot(System.Byte[])
  commentId: M:ChiaWalletSdk.FoliageTransactionBlock.SetRemovalsRoot(System.Byte[])
  id: SetRemovalsRoot(System.Byte[])
  parent: ChiaWalletSdk.FoliageTransactionBlock
  langs:
  - csharp
  - vb
  name: SetRemovalsRoot(byte[])
  nameWithType: FoliageTransactionBlock.SetRemovalsRoot(byte[])
  fullName: ChiaWalletSdk.FoliageTransactionBlock.SetRemovalsRoot(byte[])
  type: Method
  assemblies:
  - ChiaWalletSdk
  namespace: ChiaWalletSdk
  example: []
  syntax:
    content: public FoliageTransactionBlock SetRemovalsRoot(byte[] value)
    parameters:
    - id: value
      type: System.Byte[]
    return:
      type: ChiaWalletSdk.FoliageTransactionBlock
    content.vb: Public Function SetRemovalsRoot(value As Byte()) As FoliageTransactionBlock
  overload: ChiaWalletSdk.FoliageTransactionBlock.SetRemovalsRoot*
  implements:
  - ChiaWalletSdk.IFoliageTransactionBlock.SetRemovalsRoot(System.Byte[])
  nameWithType.vb: FoliageTransactionBlock.SetRemovalsRoot(Byte())
  fullName.vb: ChiaWalletSdk.FoliageTransactionBlock.SetRemovalsRoot(Byte())
  name.vb: SetRemovalsRoot(Byte())
- uid: ChiaWalletSdk.FoliageTransactionBlock.SetTimestamp(System.String)
  commentId: M:ChiaWalletSdk.FoliageTransactionBlock.SetTimestamp(System.String)
  id: SetTimestamp(System.String)
  parent: ChiaWalletSdk.FoliageTransactionBlock
  langs:
  - csharp
  - vb
  name: SetTimestamp(string)
  nameWithType: FoliageTransactionBlock.SetTimestamp(string)
  fullName: ChiaWalletSdk.FoliageTransactionBlock.SetTimestamp(string)
  type: Method
  assemblies:
  - ChiaWalletSdk
  namespace: ChiaWalletSdk
  example: []
  syntax:
    content: public FoliageTransactionBlock SetTimestamp(string value)
    parameters:
    - id: value
      type: System.String
    return:
      type: ChiaWalletSdk.FoliageTransactionBlock
    content.vb: Public Function SetTimestamp(value As String) As FoliageTransactionBlock
  overload: ChiaWalletSdk.FoliageTransactionBlock.SetTimestamp*
  implements:
  - ChiaWalletSdk.IFoliageTransactionBlock.SetTimestamp(System.String)
  nameWithType.vb: FoliageTransactionBlock.SetTimestamp(String)
  fullName.vb: ChiaWalletSdk.FoliageTransactionBlock.SetTimestamp(String)
  name.vb: SetTimestamp(String)
- uid: ChiaWalletSdk.FoliageTransactionBlock.SetTransactionsInfoHash(System.Byte[])
  commentId: M:ChiaWalletSdk.FoliageTransactionBlock.SetTransactionsInfoHash(System.Byte[])
  id: SetTransactionsInfoHash(System.Byte[])
  parent: ChiaWalletSdk.FoliageTransactionBlock
  langs:
  - csharp
  - vb
  name: SetTransactionsInfoHash(byte[])
  nameWithType: FoliageTransactionBlock.SetTransactionsInfoHash(byte[])
  fullName: ChiaWalletSdk.FoliageTransactionBlock.SetTransactionsInfoHash(byte[])
  type: Method
  assemblies:
  - ChiaWalletSdk
  namespace: ChiaWalletSdk
  example: []
  syntax:
    content: public FoliageTransactionBlock SetTransactionsInfoHash(byte[] value)
    parameters:
    - id: value
      type: System.Byte[]
    return:
      type: ChiaWalletSdk.FoliageTransactionBlock
    content.vb: Public Function SetTransactionsInfoHash(value As Byte()) As FoliageTransactionBlock
  overload: ChiaWalletSdk.FoliageTransactionBlock.SetTransactionsInfoHash*
  implements:
  - ChiaWalletSdk.IFoliageTransactionBlock.SetTransactionsInfoHash(System.Byte[])
  nameWithType.vb: FoliageTransactionBlock.SetTransactionsInfoHash(Byte())
  fullName.vb: ChiaWalletSdk.FoliageTransactionBlock.SetTransactionsInfoHash(Byte())
  name.vb: SetTransactionsInfoHash(Byte())
references:
- uid: ChiaWalletSdk
  commentId: N:ChiaWalletSdk
  isExternal: true
  href: ChiaWalletSdk.html
  name: ChiaWalletSdk
  nameWithType: ChiaWalletSdk
  fullName: ChiaWalletSdk
- uid: System.Object
  commentId: T:System.Object
  parent: System
  isExternal: true
  name: object
  nameWithType: object
  fullName: object
  nameWithType.vb: Object
  fullName.vb: Object
  name.vb: Object
- uid: ChiaWalletSdk.IFoliageTransactionBlock
  commentId: T:ChiaWalletSdk.IFoliageTransactionBlock
  parent: ChiaWalletSdk
  isExternal: true
  href: ChiaWalletSdk.IFoliageTransactionBlock.html
  name: IFoliageTransactionBlock
  nameWithType: IFoliageTransactionBlock
  fullName: ChiaWalletSdk.IFoliageTransactionBlock
- uid: System
  commentId: N:System
  isExternal: true
  href: https://learn.microsoft.com/dotnet/api/system
  name: System
  nameWithType: System
  fullName: System
- uid: System.IntPtr
  commentId: T:System.IntPtr
  parent: System
  isExternal: true
  name: nint
  nameWithType: nint
  fullName: nint
  nameWithType.vb: IntPtr
  fullName.vb: System.IntPtr
  name.vb: IntPtr
- uid: ChiaWalletSdk.FoliageTransactionBlock.#ctor*
  commentId: Overload:ChiaWalletSdk.FoliageTransactionBlock.#ctor
  isExternal: true
  href: ChiaWalletSdk.FoliageTransactionBlock.html#ChiaWalletSdk_FoliageTransactionBlock__ctor_System_IntPtr_
  name: FoliageTransactionBlock
  nameWithType: FoliageTransactionBlock.FoliageTransactionBlock
  fullName: ChiaWalletSdk.FoliageTransactionBlock.FoliageTransactionBlock
  nameWithType.vb: FoliageTransactionBlock.New
  fullName.vb: ChiaWalletSdk.FoliageTransactionBlock.New
  name.vb: New
- uid: ChiaWalletSdk.FoliageTransactionBlock.Finalize*
  commentId: Overload:ChiaWalletSdk.FoliageTransactionBlock.Finalize
  isExternal: true
  href: ChiaWalletSdk.FoliageTransactionBlock.html#ChiaWalletSdk_FoliageTransactionBlock_Finalize
  name: ~FoliageTransactionBlock
  nameWithType: FoliageTransactionBlock.~FoliageTransactionBlock
  fullName: ChiaWalletSdk.FoliageTransactionBlock.~FoliageTransactionBlock
  spec.csharp:
  - name: "~"
  - uid: ChiaWalletSdk.FoliageTransactionBlock.Finalize*
    name: FoliageTransactionBlock
    isExternal: true
    href: ChiaWalletSdk.FoliageTransactionBlock.html#ChiaWalletSdk_FoliageTransactionBlock_Finalize
- uid: System.Byte[]
  isExternal: true
  name: byte[]
  nameWithType: byte[]
  fullName: byte[]
  nameWithType.vb: Byte()
  fullName.vb: Byte()
  name.vb: Byte()
  spec.csharp:
  - uid: System.Byte
    name: byte
    isExternal: true
  - name: '['
  - name: ']'
  spec.vb:
  - uid: System.Byte
    name: Byte
    isExternal: true
  - name: (
  - name: )
- uid: System.String
  commentId: T:System.String
  parent: System
  isExternal: true
  name: string
  nameWithType: string
  fullName: string
  nameWithType.vb: String
  fullName.vb: String
  name.vb: String
- uid: ChiaWalletSdk.FoliageTransactionBlock.FreeRustArcPtr*
  commentId: Overload:ChiaWalletSdk.FoliageTransactionBlock.FreeRustArcPtr
  isExternal: true
  href: ChiaWalletSdk.FoliageTransactionBlock.html#ChiaWalletSdk_FoliageTransactionBlock_FreeRustArcPtr
  name: FreeRustArcPtr
  nameWithType: FoliageTransactionBlock.FreeRustArcPtr
  fullName: ChiaWalletSdk.FoliageTransactionBlock.FreeRustArcPtr
- uid: ChiaWalletSdk.FoliageTransactionBlock.CloneRustArcPtr*
  commentId: Overload:ChiaWalletSdk.FoliageTransactionBlock.CloneRustArcPtr
  isExternal: true
  href: ChiaWalletSdk.FoliageTransactionBlock.html#ChiaWalletSdk_FoliageTransactionBlock_CloneRustArcPtr
  name: CloneRustArcPtr
  nameWithType: FoliageTransactionBlock.CloneRustArcPtr
  fullName: ChiaWalletSdk.FoliageTransactionBlock.CloneRustArcPtr
- uid: ChiaWalletSdk.FoliageTransactionBlock.Destroy*
  commentId: Overload:ChiaWalletSdk.FoliageTransactionBlock.Destroy
  isExternal: true
  href: ChiaWalletSdk.FoliageTransactionBlock.html#ChiaWalletSdk_FoliageTransactionBlock_Destroy
  name: Destroy
  nameWithType: FoliageTransactionBlock.Destroy
  fullName: ChiaWalletSdk.FoliageTransactionBlock.Destroy
- uid: ChiaWalletSdk.FoliageTransactionBlock.Dispose*
  commentId: Overload:ChiaWalletSdk.FoliageTransactionBlock.Dispose
  isExternal: true
  href: ChiaWalletSdk.FoliageTransactionBlock.html#ChiaWalletSdk_FoliageTransactionBlock_Dispose
  name: Dispose
  nameWithType: FoliageTransactionBlock.Dispose
  fullName: ChiaWalletSdk.FoliageTransactionBlock.Dispose
- uid: ChiaWalletSdk.FoliageTransactionBlock.GetAdditionsRoot*
  commentId: Overload:ChiaWalletSdk.FoliageTransactionBlock.GetAdditionsRoot
  isExternal: true
  href: ChiaWalletSdk.FoliageTransactionBlock.html#ChiaWalletSdk_FoliageTransactionBlock_GetAdditionsRoot
  name: GetAdditionsRoot
  nameWithType: FoliageTransactionBlock.GetAdditionsRoot
  fullName: ChiaWalletSdk.FoliageTransactionBlock.GetAdditionsRoot
- uid: ChiaWalletSdk.IFoliageTransactionBlock.GetAdditionsRoot
  commentId: M:ChiaWalletSdk.IFoliageTransactionBlock.GetAdditionsRoot
  parent: ChiaWalletSdk.IFoliageTransactionBlock
  isExternal: true
  href: ChiaWalletSdk.IFoliageTransactionBlock.html#ChiaWalletSdk_IFoliageTransactionBlock_GetAdditionsRoot
  name: GetAdditionsRoot()
  nameWithType: IFoliageTransactionBlock.GetAdditionsRoot()
  fullName: ChiaWalletSdk.IFoliageTransactionBlock.GetAdditionsRoot()
  spec.csharp:
  - uid: ChiaWalletSdk.IFoliageTransactionBlock.GetAdditionsRoot
    name: GetAdditionsRoot
    isExternal: true
    href: ChiaWalletSdk.IFoliageTransactionBlock.html#ChiaWalletSdk_IFoliageTransactionBlock_GetAdditionsRoot
  - name: (
  - name: )
  spec.vb:
  - uid: ChiaWalletSdk.IFoliageTransactionBlock.GetAdditionsRoot
    name: GetAdditionsRoot
    isExternal: true
    href: ChiaWalletSdk.IFoliageTransactionBlock.html#ChiaWalletSdk_IFoliageTransactionBlock_GetAdditionsRoot
  - name: (
  - name: )
- uid: ChiaWalletSdk.FoliageTransactionBlock.GetFilterHash*
  commentId: Overload:ChiaWalletSdk.FoliageTransactionBlock.GetFilterHash
  isExternal: true
  href: ChiaWalletSdk.FoliageTransactionBlock.html#ChiaWalletSdk_FoliageTransactionBlock_GetFilterHash
  name: GetFilterHash
  nameWithType: FoliageTransactionBlock.GetFilterHash
  fullName: ChiaWalletSdk.FoliageTransactionBlock.GetFilterHash
- uid: ChiaWalletSdk.IFoliageTransactionBlock.GetFilterHash
  commentId: M:ChiaWalletSdk.IFoliageTransactionBlock.GetFilterHash
  parent: ChiaWalletSdk.IFoliageTransactionBlock
  isExternal: true
  href: ChiaWalletSdk.IFoliageTransactionBlock.html#ChiaWalletSdk_IFoliageTransactionBlock_GetFilterHash
  name: GetFilterHash()
  nameWithType: IFoliageTransactionBlock.GetFilterHash()
  fullName: ChiaWalletSdk.IFoliageTransactionBlock.GetFilterHash()
  spec.csharp:
  - uid: ChiaWalletSdk.IFoliageTransactionBlock.GetFilterHash
    name: GetFilterHash
    isExternal: true
    href: ChiaWalletSdk.IFoliageTransactionBlock.html#ChiaWalletSdk_IFoliageTransactionBlock_GetFilterHash
  - name: (
  - name: )
  spec.vb:
  - uid: ChiaWalletSdk.IFoliageTransactionBlock.GetFilterHash
    name: GetFilterHash
    isExternal: true
    href: ChiaWalletSdk.IFoliageTransactionBlock.html#ChiaWalletSdk_IFoliageTransactionBlock_GetFilterHash
  - name: (
  - name: )
- uid: ChiaWalletSdk.FoliageTransactionBlock.GetPrevTransactionBlockHash*
  commentId: Overload:ChiaWalletSdk.FoliageTransactionBlock.GetPrevTransactionBlockHash
  isExternal: true
  href: ChiaWalletSdk.FoliageTransactionBlock.html#ChiaWalletSdk_FoliageTransactionBlock_GetPrevTransactionBlockHash
  name: GetPrevTransactionBlockHash
  nameWithType: FoliageTransactionBlock.GetPrevTransactionBlockHash
  fullName: ChiaWalletSdk.FoliageTransactionBlock.GetPrevTransactionBlockHash
- uid: ChiaWalletSdk.IFoliageTransactionBlock.GetPrevTransactionBlockHash
  commentId: M:ChiaWalletSdk.IFoliageTransactionBlock.GetPrevTransactionBlockHash
  parent: ChiaWalletSdk.IFoliageTransactionBlock
  isExternal: true
  href: ChiaWalletSdk.IFoliageTransactionBlock.html#ChiaWalletSdk_IFoliageTransactionBlock_GetPrevTransactionBlockHash
  name: GetPrevTransactionBlockHash()
  nameWithType: IFoliageTransactionBlock.GetPrevTransactionBlockHash()
  fullName: ChiaWalletSdk.IFoliageTransactionBlock.GetPrevTransactionBlockHash()
  spec.csharp:
  - uid: ChiaWalletSdk.IFoliageTransactionBlock.GetPrevTransactionBlockHash
    name: GetPrevTransactionBlockHash
    isExternal: true
    href: ChiaWalletSdk.IFoliageTransactionBlock.html#ChiaWalletSdk_IFoliageTransactionBlock_GetPrevTransactionBlockHash
  - name: (
  - name: )
  spec.vb:
  - uid: ChiaWalletSdk.IFoliageTransactionBlock.GetPrevTransactionBlockHash
    name: GetPrevTransactionBlockHash
    isExternal: true
    href: ChiaWalletSdk.IFoliageTransactionBlock.html#ChiaWalletSdk_IFoliageTransactionBlock_GetPrevTransactionBlockHash
  - name: (
  - name: )
- uid: ChiaWalletSdk.FoliageTransactionBlock.GetRemovalsRoot*
  commentId: Overload:ChiaWalletSdk.FoliageTransactionBlock.GetRemovalsRoot
  isExternal: true
  href: ChiaWalletSdk.FoliageTransactionBlock.html#ChiaWalletSdk_FoliageTransactionBlock_GetRemovalsRoot
  name: GetRemovalsRoot
  nameWithType: FoliageTransactionBlock.GetRemovalsRoot
  fullName: ChiaWalletSdk.FoliageTransactionBlock.GetRemovalsRoot
- uid: ChiaWalletSdk.IFoliageTransactionBlock.GetRemovalsRoot
  commentId: M:ChiaWalletSdk.IFoliageTransactionBlock.GetRemovalsRoot
  parent: ChiaWalletSdk.IFoliageTransactionBlock
  isExternal: true
  href: ChiaWalletSdk.IFoliageTransactionBlock.html#ChiaWalletSdk_IFoliageTransactionBlock_GetRemovalsRoot
  name: GetRemovalsRoot()
  nameWithType: IFoliageTransactionBlock.GetRemovalsRoot()
  fullName: ChiaWalletSdk.IFoliageTransactionBlock.GetRemovalsRoot()
  spec.csharp:
  - uid: ChiaWalletSdk.IFoliageTransactionBlock.GetRemovalsRoot
    name: GetRemovalsRoot
    isExternal: true
    href: ChiaWalletSdk.IFoliageTransactionBlock.html#ChiaWalletSdk_IFoliageTransactionBlock_GetRemovalsRoot
  - name: (
  - name: )
  spec.vb:
  - uid: ChiaWalletSdk.IFoliageTransactionBlock.GetRemovalsRoot
    name: GetRemovalsRoot
    isExternal: true
    href: ChiaWalletSdk.IFoliageTransactionBlock.html#ChiaWalletSdk_IFoliageTransactionBlock_GetRemovalsRoot
  - name: (
  - name: )
- uid: ChiaWalletSdk.FoliageTransactionBlock.GetTimestamp*
  commentId: Overload:ChiaWalletSdk.FoliageTransactionBlock.GetTimestamp
  isExternal: true
  href: ChiaWalletSdk.FoliageTransactionBlock.html#ChiaWalletSdk_FoliageTransactionBlock_GetTimestamp
  name: GetTimestamp
  nameWithType: FoliageTransactionBlock.GetTimestamp
  fullName: ChiaWalletSdk.FoliageTransactionBlock.GetTimestamp
- uid: ChiaWalletSdk.IFoliageTransactionBlock.GetTimestamp
  commentId: M:ChiaWalletSdk.IFoliageTransactionBlock.GetTimestamp
  parent: ChiaWalletSdk.IFoliageTransactionBlock
  isExternal: true
  href: ChiaWalletSdk.IFoliageTransactionBlock.html#ChiaWalletSdk_IFoliageTransactionBlock_GetTimestamp
  name: GetTimestamp()
  nameWithType: IFoliageTransactionBlock.GetTimestamp()
  fullName: ChiaWalletSdk.IFoliageTransactionBlock.GetTimestamp()
  spec.csharp:
  - uid: ChiaWalletSdk.IFoliageTransactionBlock.GetTimestamp
    name: GetTimestamp
    isExternal: true
    href: ChiaWalletSdk.IFoliageTransactionBlock.html#ChiaWalletSdk_IFoliageTransactionBlock_GetTimestamp
  - name: (
  - name: )
  spec.vb:
  - uid: ChiaWalletSdk.IFoliageTransactionBlock.GetTimestamp
    name: GetTimestamp
    isExternal: true
    href: ChiaWalletSdk.IFoliageTransactionBlock.html#ChiaWalletSdk_IFoliageTransactionBlock_GetTimestamp
  - name: (
  - name: )
- uid: ChiaWalletSdk.FoliageTransactionBlock.GetTransactionsInfoHash*
  commentId: Overload:ChiaWalletSdk.FoliageTransactionBlock.GetTransactionsInfoHash
  isExternal: true
  href: ChiaWalletSdk.FoliageTransactionBlock.html#ChiaWalletSdk_FoliageTransactionBlock_GetTransactionsInfoHash
  name: GetTransactionsInfoHash
  nameWithType: FoliageTransactionBlock.GetTransactionsInfoHash
  fullName: ChiaWalletSdk.FoliageTransactionBlock.GetTransactionsInfoHash
- uid: ChiaWalletSdk.IFoliageTransactionBlock.GetTransactionsInfoHash
  commentId: M:ChiaWalletSdk.IFoliageTransactionBlock.GetTransactionsInfoHash
  parent: ChiaWalletSdk.IFoliageTransactionBlock
  isExternal: true
  href: ChiaWalletSdk.IFoliageTransactionBlock.html#ChiaWalletSdk_IFoliageTransactionBlock_GetTransactionsInfoHash
  name: GetTransactionsInfoHash()
  nameWithType: IFoliageTransactionBlock.GetTransactionsInfoHash()
  fullName: ChiaWalletSdk.IFoliageTransactionBlock.GetTransactionsInfoHash()
  spec.csharp:
  - uid: ChiaWalletSdk.IFoliageTransactionBlock.GetTransactionsInfoHash
    name: GetTransactionsInfoHash
    isExternal: true
    href: ChiaWalletSdk.IFoliageTransactionBlock.html#ChiaWalletSdk_IFoliageTransactionBlock_GetTransactionsInfoHash
  - name: (
  - name: )
  spec.vb:
  - uid: ChiaWalletSdk.IFoliageTransactionBlock.GetTransactionsInfoHash
    name: GetTransactionsInfoHash
    isExternal: true
    href: ChiaWalletSdk.IFoliageTransactionBlock.html#ChiaWalletSdk_IFoliageTransactionBlock_GetTransactionsInfoHash
  - name: (
  - name: )
- uid: ChiaWalletSdk.FoliageTransactionBlock.SetAdditionsRoot*
  commentId: Overload:ChiaWalletSdk.FoliageTransactionBlock.SetAdditionsRoot
  isExternal: true
  href: ChiaWalletSdk.FoliageTransactionBlock.html#ChiaWalletSdk_FoliageTransactionBlock_SetAdditionsRoot_System_Byte___
  name: SetAdditionsRoot
  nameWithType: FoliageTransactionBlock.SetAdditionsRoot
  fullName: ChiaWalletSdk.FoliageTransactionBlock.SetAdditionsRoot
- uid: ChiaWalletSdk.IFoliageTransactionBlock.SetAdditionsRoot(System.Byte[])
  commentId: M:ChiaWalletSdk.IFoliageTransactionBlock.SetAdditionsRoot(System.Byte[])
  parent: ChiaWalletSdk.IFoliageTransactionBlock
  isExternal: true
  href: ChiaWalletSdk.IFoliageTransactionBlock.html#ChiaWalletSdk_IFoliageTransactionBlock_SetAdditionsRoot_System_Byte___
  name: SetAdditionsRoot(byte[])
  nameWithType: IFoliageTransactionBlock.SetAdditionsRoot(byte[])
  fullName: ChiaWalletSdk.IFoliageTransactionBlock.SetAdditionsRoot(byte[])
  nameWithType.vb: IFoliageTransactionBlock.SetAdditionsRoot(Byte())
  fullName.vb: ChiaWalletSdk.IFoliageTransactionBlock.SetAdditionsRoot(Byte())
  name.vb: SetAdditionsRoot(Byte())
  spec.csharp:
  - uid: ChiaWalletSdk.IFoliageTransactionBlock.SetAdditionsRoot(System.Byte[])
    name: SetAdditionsRoot
    isExternal: true
    href: ChiaWalletSdk.IFoliageTransactionBlock.html#ChiaWalletSdk_IFoliageTransactionBlock_SetAdditionsRoot_System_Byte___
  - name: (
  - uid: System.Byte
    name: byte
    isExternal: true
  - name: '['
  - name: ']'
  - name: )
  spec.vb:
  - uid: ChiaWalletSdk.IFoliageTransactionBlock.SetAdditionsRoot(System.Byte[])
    name: SetAdditionsRoot
    isExternal: true
    href: ChiaWalletSdk.IFoliageTransactionBlock.html#ChiaWalletSdk_IFoliageTransactionBlock_SetAdditionsRoot_System_Byte___
  - name: (
  - uid: System.Byte
    name: Byte
    isExternal: true
  - name: (
  - name: )
  - name: )
- uid: ChiaWalletSdk.FoliageTransactionBlock
  commentId: T:ChiaWalletSdk.FoliageTransactionBlock
  parent: ChiaWalletSdk
  isExternal: true
  href: ChiaWalletSdk.FoliageTransactionBlock.html
  name: FoliageTransactionBlock
  nameWithType: FoliageTransactionBlock
  fullName: ChiaWalletSdk.FoliageTransactionBlock
- uid: ChiaWalletSdk.FoliageTransactionBlock.SetFilterHash*
  commentId: Overload:ChiaWalletSdk.FoliageTransactionBlock.SetFilterHash
  isExternal: true
  href: ChiaWalletSdk.FoliageTransactionBlock.html#ChiaWalletSdk_FoliageTransactionBlock_SetFilterHash_System_Byte___
  name: SetFilterHash
  nameWithType: FoliageTransactionBlock.SetFilterHash
  fullName: ChiaWalletSdk.FoliageTransactionBlock.SetFilterHash
- uid: ChiaWalletSdk.IFoliageTransactionBlock.SetFilterHash(System.Byte[])
  commentId: M:ChiaWalletSdk.IFoliageTransactionBlock.SetFilterHash(System.Byte[])
  parent: ChiaWalletSdk.IFoliageTransactionBlock
  isExternal: true
  href: ChiaWalletSdk.IFoliageTransactionBlock.html#ChiaWalletSdk_IFoliageTransactionBlock_SetFilterHash_System_Byte___
  name: SetFilterHash(byte[])
  nameWithType: IFoliageTransactionBlock.SetFilterHash(byte[])
  fullName: ChiaWalletSdk.IFoliageTransactionBlock.SetFilterHash(byte[])
  nameWithType.vb: IFoliageTransactionBlock.SetFilterHash(Byte())
  fullName.vb: ChiaWalletSdk.IFoliageTransactionBlock.SetFilterHash(Byte())
  name.vb: SetFilterHash(Byte())
  spec.csharp:
  - uid: ChiaWalletSdk.IFoliageTransactionBlock.SetFilterHash(System.Byte[])
    name: SetFilterHash
    isExternal: true
    href: ChiaWalletSdk.IFoliageTransactionBlock.html#ChiaWalletSdk_IFoliageTransactionBlock_SetFilterHash_System_Byte___
  - name: (
  - uid: System.Byte
    name: byte
    isExternal: true
  - name: '['
  - name: ']'
  - name: )
  spec.vb:
  - uid: ChiaWalletSdk.IFoliageTransactionBlock.SetFilterHash(System.Byte[])
    name: SetFilterHash
    isExternal: true
    href: ChiaWalletSdk.IFoliageTransactionBlock.html#ChiaWalletSdk_IFoliageTransactionBlock_SetFilterHash_System_Byte___
  - name: (
  - uid: System.Byte
    name: Byte
    isExternal: true
  - name: (
  - name: )
  - name: )
- uid: ChiaWalletSdk.FoliageTransactionBlock.SetPrevTransactionBlockHash*
  commentId: Overload:ChiaWalletSdk.FoliageTransactionBlock.SetPrevTransactionBlockHash
  isExternal: true
  href: ChiaWalletSdk.FoliageTransactionBlock.html#ChiaWalletSdk_FoliageTransactionBlock_SetPrevTransactionBlockHash_System_Byte___
  name: SetPrevTransactionBlockHash
  nameWithType: FoliageTransactionBlock.SetPrevTransactionBlockHash
  fullName: ChiaWalletSdk.FoliageTransactionBlock.SetPrevTransactionBlockHash
- uid: ChiaWalletSdk.IFoliageTransactionBlock.SetPrevTransactionBlockHash(System.Byte[])
  commentId: M:ChiaWalletSdk.IFoliageTransactionBlock.SetPrevTransactionBlockHash(System.Byte[])
  parent: ChiaWalletSdk.IFoliageTransactionBlock
  isExternal: true
  href: ChiaWalletSdk.IFoliageTransactionBlock.html#ChiaWalletSdk_IFoliageTransactionBlock_SetPrevTransactionBlockHash_System_Byte___
  name: SetPrevTransactionBlockHash(byte[])
  nameWithType: IFoliageTransactionBlock.SetPrevTransactionBlockHash(byte[])
  fullName: ChiaWalletSdk.IFoliageTransactionBlock.SetPrevTransactionBlockHash(byte[])
  nameWithType.vb: IFoliageTransactionBlock.SetPrevTransactionBlockHash(Byte())
  fullName.vb: ChiaWalletSdk.IFoliageTransactionBlock.SetPrevTransactionBlockHash(Byte())
  name.vb: SetPrevTransactionBlockHash(Byte())
  spec.csharp:
  - uid: ChiaWalletSdk.IFoliageTransactionBlock.SetPrevTransactionBlockHash(System.Byte[])
    name: SetPrevTransactionBlockHash
    isExternal: true
    href: ChiaWalletSdk.IFoliageTransactionBlock.html#ChiaWalletSdk_IFoliageTransactionBlock_SetPrevTransactionBlockHash_System_Byte___
  - name: (
  - uid: System.Byte
    name: byte
    isExternal: true
  - name: '['
  - name: ']'
  - name: )
  spec.vb:
  - uid: ChiaWalletSdk.IFoliageTransactionBlock.SetPrevTransactionBlockHash(System.Byte[])
    name: SetPrevTransactionBlockHash
    isExternal: true
    href: ChiaWalletSdk.IFoliageTransactionBlock.html#ChiaWalletSdk_IFoliageTransactionBlock_SetPrevTransactionBlockHash_System_Byte___
  - name: (
  - uid: System.Byte
    name: Byte
    isExternal: true
  - name: (
  - name: )
  - name: )
- uid: ChiaWalletSdk.FoliageTransactionBlock.SetRemovalsRoot*
  commentId: Overload:ChiaWalletSdk.FoliageTransactionBlock.SetRemovalsRoot
  isExternal: true
  href: ChiaWalletSdk.FoliageTransactionBlock.html#ChiaWalletSdk_FoliageTransactionBlock_SetRemovalsRoot_System_Byte___
  name: SetRemovalsRoot
  nameWithType: FoliageTransactionBlock.SetRemovalsRoot
  fullName: ChiaWalletSdk.FoliageTransactionBlock.SetRemovalsRoot
- uid: ChiaWalletSdk.IFoliageTransactionBlock.SetRemovalsRoot(System.Byte[])
  commentId: M:ChiaWalletSdk.IFoliageTransactionBlock.SetRemovalsRoot(System.Byte[])
  parent: ChiaWalletSdk.IFoliageTransactionBlock
  isExternal: true
  href: ChiaWalletSdk.IFoliageTransactionBlock.html#ChiaWalletSdk_IFoliageTransactionBlock_SetRemovalsRoot_System_Byte___
  name: SetRemovalsRoot(byte[])
  nameWithType: IFoliageTransactionBlock.SetRemovalsRoot(byte[])
  fullName: ChiaWalletSdk.IFoliageTransactionBlock.SetRemovalsRoot(byte[])
  nameWithType.vb: IFoliageTransactionBlock.SetRemovalsRoot(Byte())
  fullName.vb: ChiaWalletSdk.IFoliageTransactionBlock.SetRemovalsRoot(Byte())
  name.vb: SetRemovalsRoot(Byte())
  spec.csharp:
  - uid: ChiaWalletSdk.IFoliageTransactionBlock.SetRemovalsRoot(System.Byte[])
    name: SetRemovalsRoot
    isExternal: true
    href: ChiaWalletSdk.IFoliageTransactionBlock.html#ChiaWalletSdk_IFoliageTransactionBlock_SetRemovalsRoot_System_Byte___
  - name: (
  - uid: System.Byte
    name: byte
    isExternal: true
  - name: '['
  - name: ']'
  - name: )
  spec.vb:
  - uid: ChiaWalletSdk.IFoliageTransactionBlock.SetRemovalsRoot(System.Byte[])
    name: SetRemovalsRoot
    isExternal: true
    href: ChiaWalletSdk.IFoliageTransactionBlock.html#ChiaWalletSdk_IFoliageTransactionBlock_SetRemovalsRoot_System_Byte___
  - name: (
  - uid: System.Byte
    name: Byte
    isExternal: true
  - name: (
  - name: )
  - name: )
- uid: ChiaWalletSdk.FoliageTransactionBlock.SetTimestamp*
  commentId: Overload:ChiaWalletSdk.FoliageTransactionBlock.SetTimestamp
  isExternal: true
  href: ChiaWalletSdk.FoliageTransactionBlock.html#ChiaWalletSdk_FoliageTransactionBlock_SetTimestamp_System_String_
  name: SetTimestamp
  nameWithType: FoliageTransactionBlock.SetTimestamp
  fullName: ChiaWalletSdk.FoliageTransactionBlock.SetTimestamp
- uid: ChiaWalletSdk.IFoliageTransactionBlock.SetTimestamp(System.String)
  commentId: M:ChiaWalletSdk.IFoliageTransactionBlock.SetTimestamp(System.String)
  parent: ChiaWalletSdk.IFoliageTransactionBlock
  isExternal: true
  href: ChiaWalletSdk.IFoliageTransactionBlock.html#ChiaWalletSdk_IFoliageTransactionBlock_SetTimestamp_System_String_
  name: SetTimestamp(string)
  nameWithType: IFoliageTransactionBlock.SetTimestamp(string)
  fullName: ChiaWalletSdk.IFoliageTransactionBlock.SetTimestamp(string)
  nameWithType.vb: IFoliageTransactionBlock.SetTimestamp(String)
  fullName.vb: ChiaWalletSdk.IFoliageTransactionBlock.SetTimestamp(String)
  name.vb: SetTimestamp(String)
  spec.csharp:
  - uid: ChiaWalletSdk.IFoliageTransactionBlock.SetTimestamp(System.String)
    name: SetTimestamp
    isExternal: true
    href: ChiaWalletSdk.IFoliageTransactionBlock.html#ChiaWalletSdk_IFoliageTransactionBlock_SetTimestamp_System_String_
  - name: (
  - uid: System.String
    name: string
    isExternal: true
  - name: )
  spec.vb:
  - uid: ChiaWalletSdk.IFoliageTransactionBlock.SetTimestamp(System.String)
    name: SetTimestamp
    isExternal: true
    href: ChiaWalletSdk.IFoliageTransactionBlock.html#ChiaWalletSdk_IFoliageTransactionBlock_SetTimestamp_System_String_
  - name: (
  - uid: System.String
    name: String
    isExternal: true
  - name: )
- uid: ChiaWalletSdk.FoliageTransactionBlock.SetTransactionsInfoHash*
  commentId: Overload:ChiaWalletSdk.FoliageTransactionBlock.SetTransactionsInfoHash
  isExternal: true
  href: ChiaWalletSdk.FoliageTransactionBlock.html#ChiaWalletSdk_FoliageTransactionBlock_SetTransactionsInfoHash_System_Byte___
  name: SetTransactionsInfoHash
  nameWithType: FoliageTransactionBlock.SetTransactionsInfoHash
  fullName: ChiaWalletSdk.FoliageTransactionBlock.SetTransactionsInfoHash
- uid: ChiaWalletSdk.IFoliageTransactionBlock.SetTransactionsInfoHash(System.Byte[])
  commentId: M:ChiaWalletSdk.IFoliageTransactionBlock.SetTransactionsInfoHash(System.Byte[])
  parent: ChiaWalletSdk.IFoliageTransactionBlock
  isExternal: true
  href: ChiaWalletSdk.IFoliageTransactionBlock.html#ChiaWalletSdk_IFoliageTransactionBlock_SetTransactionsInfoHash_System_Byte___
  name: SetTransactionsInfoHash(byte[])
  nameWithType: IFoliageTransactionBlock.SetTransactionsInfoHash(byte[])
  fullName: ChiaWalletSdk.IFoliageTransactionBlock.SetTransactionsInfoHash(byte[])
  nameWithType.vb: IFoliageTransactionBlock.SetTransactionsInfoHash(Byte())
  fullName.vb: ChiaWalletSdk.IFoliageTransactionBlock.SetTransactionsInfoHash(Byte())
  name.vb: SetTransactionsInfoHash(Byte())
  spec.csharp:
  - uid: ChiaWalletSdk.IFoliageTransactionBlock.SetTransactionsInfoHash(System.Byte[])
    name: SetTransactionsInfoHash
    isExternal: true
    href: ChiaWalletSdk.IFoliageTransactionBlock.html#ChiaWalletSdk_IFoliageTransactionBlock_SetTransactionsInfoHash_System_Byte___
  - name: (
  - uid: System.Byte
    name: byte
    isExternal: true
  - name: '['
  - name: ']'
  - name: )
  spec.vb:
  - uid: ChiaWalletSdk.IFoliageTransactionBlock.SetTransactionsInfoHash(System.Byte[])
    name: SetTransactionsInfoHash
    isExternal: true
    href: ChiaWalletSdk.IFoliageTransactionBlock.html#ChiaWalletSdk_IFoliageTransactionBlock_SetTransactionsInfoHash_System_Byte___
  - name: (
  - uid: System.Byte
    name: Byte
    isExternal: true
  - name: (
  - name: )
  - name: )
